{
  "version": 4,
  "terraform_version": "1.13.4",
  "serial": 2393,
  "lineage": "ca8e8273-aef2-d42e-4629-209d641a829d",
  "outputs": {
    "aws_managed_vpn_status": {
      "value": "AWS Managed VPN Connection established between Seoul Transit Gateway and IDC Customer Gateway",
      "type": "string"
    },
    "beanstalk_application_name": {
      "value": "seoul-webapp",
      "type": "string"
    },
    "beanstalk_cname": {
      "value": "seoul-webapp-env.eba-kb5b8vjf.ap-northeast-2.elasticbeanstalk.com",
      "type": "string"
    },
    "beanstalk_environment_name": {
      "value": "seoul-webapp-env",
      "type": "string"
    },
    "beanstalk_environment_url": {
      "value": "awseb--AWSEB-Y8mHYpDjqtEx-441965982.ap-northeast-2.elb.amazonaws.com",
      "type": "string"
    },
    "customer_gateway_id": {
      "value": "cgw-0424223a1ed745a77",
      "type": "string"
    },
    "idc_cgw_instance_id": {
      "value": "i-0ace350090ce435f1",
      "type": "string"
    },
    "idc_cgw_instance_public_ip": {
      "value": "3.36.229.69",
      "type": "string"
    },
    "idc_db_instance_id": {
      "value": "i-0a0242627a804ca41",
      "type": "string"
    },
    "idc_db_instance_private_ip": {
      "value": "10.0.2.128",
      "type": "string"
    },
    "idc_vpc_id": {
      "value": "vpc-05423f75735acfe8b",
      "type": "string"
    },
    "seoul_beanstalk_subnet_ids": {
      "value": [
        "subnet-09ca5bf59eab4a46d",
        "subnet-0f79754b4cc788b26"
      ],
      "type": [
        "tuple",
        [
          "string",
          "string"
        ]
      ]
    },
    "seoul_vpc_id": {
      "value": "vpc-0f10074e7fe0fdde1",
      "type": "string"
    },
    "transit_gateway_id": {
      "value": "tgw-0d10c6b066b0c1743",
      "type": "string"
    },
    "vpn_connection_id": {
      "value": "vpn-0125751f071ed4813",
      "type": "string"
    },
    "vpn_tunnel_addresses": {
      "value": {
        "idc_cgw_ip": "3.36.229.69",
        "tunnel_1_address": "3.34.16.62",
        "tunnel_2_address": "52.78.59.86"
      },
      "type": [
        "object",
        {
          "idc_cgw_ip": "string",
          "tunnel_1_address": "string",
          "tunnel_2_address": "string"
        }
      ]
    }
  },
  "resources": [
    {
      "mode": "managed",
      "type": "aws_customer_gateway",
      "name": "idc",
      "provider": "provider[\"registry.terraform.io/hashicorp/aws\"].seoul",
      "instances": [
        {
          "schema_version": 0,
          "attributes": {
            "arn": "arn:aws:ec2:ap-northeast-2:299145660695:customer-gateway/cgw-0424223a1ed745a77",
            "bgp_asn": "65000",
            "bgp_asn_extended": "",
            "certificate_arn": "",
            "device_name": "",
            "id": "cgw-0424223a1ed745a77",
            "ip_address": "3.36.229.69",
            "tags": {
              "Name": "idc-customer-gateway"
            },
            "tags_all": {
              "Name": "idc-customer-gateway"
            },
            "type": "ipsec.1"
          },
          "sensitive_attributes": [],
          "identity_schema_version": 0,
          "private": "bnVsbA==",
          "dependencies": [
            "aws_eip.idc_cgw"
          ]
        }
      ]
    },
    {
      "mode": "managed",
      "type": "aws_ec2_transit_gateway",
      "name": "main",
      "provider": "provider[\"registry.terraform.io/hashicorp/aws\"].seoul",
      "instances": [
        {
          "schema_version": 0,
          "attributes": {
            "amazon_side_asn": 64512,
            "arn": "arn:aws:ec2:ap-northeast-2:299145660695:transit-gateway/tgw-0d10c6b066b0c1743",
            "association_default_route_table_id": "tgw-rtb-0752abbd3b38b4d25",
            "auto_accept_shared_attachments": "disable",
            "default_route_table_association": "enable",
            "default_route_table_propagation": "enable",
            "description": "Transit Gateway for Seoul region",
            "dns_support": "enable",
            "id": "tgw-0d10c6b066b0c1743",
            "multicast_support": "disable",
            "owner_id": "299145660695",
            "propagation_default_route_table_id": "tgw-rtb-0752abbd3b38b4d25",
            "security_group_referencing_support": "disable",
            "tags": {
              "Name": "seoul-main-tgw"
            },
            "tags_all": {
              "Name": "seoul-main-tgw"
            },
            "timeouts": null,
            "transit_gateway_cidr_blocks": null,
            "vpn_ecmp_support": "enable"
          },
          "sensitive_attributes": [],
          "identity_schema_version": 0,
          "private": "eyJlMmJmYjczMC1lY2FhLTExZTYtOGY4OC0zNDM2M2JjN2M0YzAiOnsiY3JlYXRlIjo2MDAwMDAwMDAwMDAsImRlbGV0ZSI6NjAwMDAwMDAwMDAwLCJ1cGRhdGUiOjYwMDAwMDAwMDAwMH19"
        }
      ]
    },
    {
      "mode": "managed",
      "type": "aws_ec2_transit_gateway_route",
      "name": "idc_cidr",
      "provider": "provider[\"registry.terraform.io/hashicorp/aws\"].seoul",
      "instances": [
        {
          "schema_version": 0,
          "attributes": {
            "blackhole": false,
            "destination_cidr_block": "10.0.0.0/16",
            "id": "tgw-rtb-0752abbd3b38b4d25_10.0.0.0/16",
            "transit_gateway_attachment_id": "tgw-attach-0dfc44f1a0612d608",
            "transit_gateway_route_table_id": "tgw-rtb-0752abbd3b38b4d25"
          },
          "sensitive_attributes": [],
          "identity_schema_version": 0,
          "private": "bnVsbA==",
          "dependencies": [
            "aws_customer_gateway.idc",
            "aws_ec2_transit_gateway.main",
            "aws_eip.idc_cgw",
            "aws_vpn_connection.seoul_to_idc"
          ]
        }
      ]
    },
    {
      "mode": "managed",
      "type": "aws_ec2_transit_gateway_vpc_attachment",
      "name": "seoul",
      "provider": "provider[\"registry.terraform.io/hashicorp/aws\"].seoul",
      "instances": [
        {
          "schema_version": 0,
          "attributes": {
            "appliance_mode_support": "disable",
            "arn": "arn:aws:ec2:ap-northeast-2:299145660695:transit-gateway-attachment/tgw-attach-00dad4ef788c292bb",
            "dns_support": "enable",
            "id": "tgw-attach-00dad4ef788c292bb",
            "ipv6_support": "disable",
            "security_group_referencing_support": "enable",
            "subnet_ids": [
              "subnet-0e3f390f1438ae3bd"
            ],
            "tags": {
              "Name": "seoul-vpc-tgw-attachment"
            },
            "tags_all": {
              "Name": "seoul-vpc-tgw-attachment"
            },
            "transit_gateway_default_route_table_association": true,
            "transit_gateway_default_route_table_propagation": true,
            "transit_gateway_id": "tgw-0d10c6b066b0c1743",
            "vpc_id": "vpc-0f10074e7fe0fdde1",
            "vpc_owner_id": "299145660695"
          },
          "sensitive_attributes": [],
          "identity_schema_version": 0,
          "private": "bnVsbA==",
          "dependencies": [
            "aws_ec2_transit_gateway.main",
            "module.seoul.aws_subnet.tgw",
            "module.seoul.aws_vpc.main"
          ]
        }
      ]
    },
    {
      "mode": "managed",
      "type": "aws_eip",
      "name": "idc_cgw",
      "provider": "provider[\"registry.terraform.io/hashicorp/aws\"].seoul",
      "instances": [
        {
          "schema_version": 0,
          "attributes": {
            "address": null,
            "allocation_id": "eipalloc-0361fbf78ae62872f",
            "arn": "arn:aws:ec2:ap-northeast-2:299145660695:elastic-ip/eipalloc-0361fbf78ae62872f",
            "associate_with_private_ip": null,
            "association_id": "",
            "carrier_ip": "",
            "customer_owned_ip": "",
            "customer_owned_ipv4_pool": "",
            "domain": "vpc",
            "id": "eipalloc-0361fbf78ae62872f",
            "instance": "",
            "ipam_pool_id": null,
            "network_border_group": "ap-northeast-2",
            "network_interface": "",
            "private_dns": null,
            "private_ip": "",
            "ptr_record": "",
            "public_dns": "ec2-3-36-229-69.ap-northeast-2.compute.amazonaws.com",
            "public_ip": "3.36.229.69",
            "public_ipv4_pool": "amazon",
            "tags": {
              "Name": "idc-cgw-eip"
            },
            "tags_all": {
              "Name": "idc-cgw-eip"
            },
            "timeouts": null,
            "vpc": true
          },
          "sensitive_attributes": [],
          "identity_schema_version": 0,
          "private": "eyJlMmJmYjczMC1lY2FhLTExZTYtOGY4OC0zNDM2M2JjN2M0YzAiOnsiZGVsZXRlIjoxODAwMDAwMDAwMDAsInJlYWQiOjkwMDAwMDAwMDAwMCwidXBkYXRlIjozMDAwMDAwMDAwMDB9fQ=="
        }
      ]
    },
    {
      "mode": "managed",
      "type": "aws_elastic_beanstalk_application",
      "name": "seoul_app",
      "provider": "provider[\"registry.terraform.io/hashicorp/aws\"].seoul",
      "instances": [
        {
          "schema_version": 0,
          "attributes": {
            "appversion_lifecycle": [],
            "arn": "arn:aws:elasticbeanstalk:ap-northeast-2:299145660695:application/seoul-webapp",
            "description": "Seoul Web Application",
            "id": "seoul-webapp",
            "name": "seoul-webapp",
            "tags": null,
            "tags_all": {}
          },
          "sensitive_attributes": [],
          "identity_schema_version": 0,
          "private": "bnVsbA=="
        }
      ]
    },
    {
      "mode": "managed",
      "type": "aws_elastic_beanstalk_environment",
      "name": "seoul_env",
      "provider": "provider[\"registry.terraform.io/hashicorp/aws\"].seoul",
      "instances": [
        {
          "schema_version": 1,
          "attributes": {
            "all_settings": [
              {
                "name": "AccessLogsS3Bucket",
                "namespace": "aws:elbv2:loadbalancer",
                "resource": "",
                "value": ""
              },
              {
                "name": "AccessLogsS3Enabled",
                "namespace": "aws:elbv2:loadbalancer",
                "resource": "",
                "value": "false"
              },
              {
                "name": "AccessLogsS3Prefix",
                "namespace": "aws:elbv2:loadbalancer",
                "resource": "",
                "value": ""
              },
              {
                "name": "AppSource",
                "namespace": "aws:cloudformation:template:parameter",
                "resource": "",
                "value": "https://elasticbeanstalk-platform-assets-ap-northeast-2.s3.ap-northeast-2.amazonaws.com/stalks/eb_python311_amazon_linux_2023_1.0.1315.0_20251101152428/sampleapp/EBSampleApp-Python.zip"
              },
              {
                "name": "Application Healthcheck URL",
                "namespace": "aws:elasticbeanstalk:application",
                "resource": "",
                "value": ""
              },
              {
                "name": "AssociatePublicIpAddress",
                "namespace": "aws:ec2:vpc",
                "resource": "",
                "value": "false"
              },
              {
                "name": "Automatically Terminate Unhealthy Instances",
                "namespace": "aws:elasticbeanstalk:monitoring",
                "resource": "",
                "value": "true"
              },
              {
                "name": "Availability Zones",
                "namespace": "aws:autoscaling:asg",
                "resource": "",
                "value": "Any"
              },
              {
                "name": "BatchSize",
                "namespace": "aws:elasticbeanstalk:command",
                "resource": "",
                "value": "100"
              },
              {
                "name": "BatchSizeType",
                "namespace": "aws:elasticbeanstalk:command",
                "resource": "",
                "value": "Percentage"
              },
              {
                "name": "BlockDeviceMappings",
                "namespace": "aws:autoscaling:launchconfiguration",
                "resource": "",
                "value": ""
              },
              {
                "name": "BreachDuration",
                "namespace": "aws:autoscaling:trigger",
                "resource": "",
                "value": "5"
              },
              {
                "name": "ConfigDocument",
                "namespace": "aws:elasticbeanstalk:healthreporting:system",
                "resource": "",
                "value": "{\"Version\":1,\"CloudWatchMetrics\":{\"Instance\":{\"CPUIrq\":null,\"LoadAverage5min\":null,\"ApplicationRequests5xx\":null,\"ApplicationRequests4xx\":null,\"CPUUser\":null,\"LoadAverage1min\":null,\"ApplicationLatencyP50\":null,\"CPUIdle\":null,\"InstanceHealth\":null,\"ApplicationLatencyP95\":null,\"ApplicationLatencyP85\":null,\"RootFilesystemUtil\":null,\"ApplicationLatencyP90\":null,\"CPUSystem\":null,\"ApplicationLatencyP75\":null,\"CPUSoftirq\":null,\"ApplicationLatencyP10\":null,\"ApplicationLatencyP99\":null,\"ApplicationRequestsTotal\":null,\"ApplicationLatencyP99.9\":null,\"ApplicationRequests3xx\":null,\"ApplicationRequests2xx\":null,\"CPUIowait\":null,\"CPUNice\":null},\"Environment\":{\"InstancesSevere\":null,\"InstancesDegraded\":null,\"ApplicationRequests5xx\":null,\"ApplicationRequests4xx\":null,\"ApplicationLatencyP50\":null,\"ApplicationLatencyP95\":null,\"ApplicationLatencyP85\":null,\"InstancesUnknown\":null,\"ApplicationLatencyP90\":null,\"InstancesInfo\":null,\"InstancesPending\":null,\"ApplicationLatencyP75\":null,\"ApplicationLatencyP10\":null,\"ApplicationLatencyP99\":null,\"ApplicationRequestsTotal\":null,\"InstancesNoData\":null,\"ApplicationLatencyP99.9\":null,\"ApplicationRequests3xx\":null,\"ApplicationRequests2xx\":null,\"InstancesOk\":null,\"InstancesWarning\":null}}}"
              },
              {
                "name": "Cooldown",
                "namespace": "aws:autoscaling:asg",
                "resource": "",
                "value": "360"
              },
              {
                "name": "Custom Availability Zones",
                "namespace": "aws:autoscaling:asg",
                "resource": "",
                "value": ""
              },
              {
                "name": "DefaultProcess",
                "namespace": "aws:elbv2:listener:default",
                "resource": "",
                "value": "default"
              },
              {
                "name": "DefaultSSHPort",
                "namespace": "aws:elasticbeanstalk:control",
                "resource": "",
                "value": "22"
              },
              {
                "name": "DeleteOnTerminate",
                "namespace": "aws:elasticbeanstalk:cloudwatch:logs",
                "resource": "",
                "value": "false"
              },
              {
                "name": "DeleteOnTerminate",
                "namespace": "aws:elasticbeanstalk:cloudwatch:logs:health",
                "resource": "",
                "value": "false"
              },
              {
                "name": "DeploymentPolicy",
                "namespace": "aws:elasticbeanstalk:command",
                "resource": "",
                "value": "AllAtOnce"
              },
              {
                "name": "DeregistrationDelay",
                "namespace": "aws:elasticbeanstalk:environment:process:default",
                "resource": "",
                "value": "20"
              },
              {
                "name": "DisableDefaultEC2SecurityGroup",
                "namespace": "aws:autoscaling:launchconfiguration",
                "resource": "",
                "value": "false"
              },
              {
                "name": "DisableIMDSv1",
                "namespace": "aws:autoscaling:launchconfiguration",
                "resource": "",
                "value": "true"
              },
              {
                "name": "EC2KeyName",
                "namespace": "aws:autoscaling:launchconfiguration",
                "resource": "",
                "value": "cloudupcon"
              },
              {
                "name": "ELBScheme",
                "namespace": "aws:ec2:vpc",
                "resource": "",
                "value": "public"
              },
              {
                "name": "ELBSubnets",
                "namespace": "aws:ec2:vpc",
                "resource": "",
                "value": "subnet-09ca5bf59eab4a46d,subnet-0f79754b4cc788b26"
              },
              {
                "name": "EnableCapacityRebalancing",
                "namespace": "aws:autoscaling:asg",
                "resource": "",
                "value": "false"
              },
              {
                "name": "EnableSpot",
                "namespace": "aws:ec2:instances",
                "resource": "",
                "value": "false"
              },
              {
                "name": "EnhancedHealthAuthEnabled",
                "namespace": "aws:elasticbeanstalk:healthreporting:system",
                "resource": "",
                "value": "true"
              },
              {
                "name": "EnvironmentType",
                "namespace": "aws:elasticbeanstalk:environment",
                "resource": "",
                "value": "LoadBalanced"
              },
              {
                "name": "EnvironmentVariables",
                "namespace": "aws:cloudformation:template:parameter",
                "resource": "",
                "value": "PYTHONPATH=/var/app/venv/staging-LQM1lest/bin"
              },
              {
                "name": "EvaluationPeriods",
                "namespace": "aws:autoscaling:trigger",
                "resource": "",
                "value": "1"
              },
              {
                "name": "EvaluationTime",
                "namespace": "aws:elasticbeanstalk:trafficsplitting",
                "resource": "",
                "value": ""
              },
              {
                "name": "ExternalExtensionsS3Bucket",
                "namespace": "aws:elasticbeanstalk:environment",
                "resource": "",
                "value": ""
              },
              {
                "name": "ExternalExtensionsS3Key",
                "namespace": "aws:elasticbeanstalk:environment",
                "resource": "",
                "value": ""
              },
              {
                "name": "HasCoupledDatabase",
                "namespace": "aws:rds:dbinstance",
                "resource": "",
                "value": "false"
              },
              {
                "name": "HealthCheckInterval",
                "namespace": "aws:elasticbeanstalk:environment:process:default",
                "resource": "",
                "value": "15"
              },
              {
                "name": "HealthCheckPath",
                "namespace": "aws:elasticbeanstalk:environment:process:default",
                "resource": "",
                "value": "/"
              },
              {
                "name": "HealthCheckSuccessThreshold",
                "namespace": "aws:elasticbeanstalk:healthreporting:system",
                "resource": "",
                "value": "Ok"
              },
              {
                "name": "HealthCheckTimeout",
                "namespace": "aws:elasticbeanstalk:environment:process:default",
                "resource": "",
                "value": "5"
              },
              {
                "name": "HealthStreamingEnabled",
                "namespace": "aws:elasticbeanstalk:cloudwatch:logs:health",
                "resource": "",
                "value": "false"
              },
              {
                "name": "HealthyThresholdCount",
                "namespace": "aws:elasticbeanstalk:environment:process:default",
                "resource": "",
                "value": "3"
              },
              {
                "name": "HooksPkgUrl",
                "namespace": "aws:cloudformation:template:parameter",
                "resource": "",
                "value": "https://elasticbeanstalk-platform-assets-ap-northeast-2.s3.ap-northeast-2.amazonaws.com/stalks/eb_python311_amazon_linux_2023_1.0.1315.0_20251101152428/lib/hooks.tar.gz"
              },
              {
                "name": "IamInstanceProfile",
                "namespace": "aws:autoscaling:launchconfiguration",
                "resource": "",
                "value": "seoul-beanstalk-ec2-profile"
              },
              {
                "name": "IdleTimeout",
                "namespace": "aws:elbv2:loadbalancer",
                "resource": "",
                "value": ""
              },
              {
                "name": "IgnoreHealthCheck",
                "namespace": "aws:elasticbeanstalk:command",
                "resource": "",
                "value": "false"
              },
              {
                "name": "ImageId",
                "namespace": "aws:autoscaling:launchconfiguration",
                "resource": "",
                "value": "ami-0e2e868393d80f311"
              },
              {
                "name": "InstancePort",
                "namespace": "aws:cloudformation:template:parameter",
                "resource": "",
                "value": "80"
              },
              {
                "name": "InstanceRefreshEnabled",
                "namespace": "aws:elasticbeanstalk:managedactions:platformupdate",
                "resource": "",
                "value": "false"
              },
              {
                "name": "InstanceType",
                "namespace": "aws:autoscaling:launchconfiguration",
                "resource": "",
                "value": "t3.micro"
              },
              {
                "name": "InstanceTypeFamily",
                "namespace": "aws:cloudformation:template:parameter",
                "resource": "",
                "value": "t3"
              },
              {
                "name": "InstanceTypes",
                "namespace": "aws:ec2:instances",
                "resource": "",
                "value": "t3.micro"
              },
              {
                "name": "IpAddressType",
                "namespace": "aws:elbv2:loadbalancer",
                "resource": "",
                "value": "ipv4"
              },
              {
                "name": "LaunchTemplateTagPropagationEnabled",
                "namespace": "aws:autoscaling:launchconfiguration",
                "resource": "",
                "value": ""
              },
              {
                "name": "LaunchTimeout",
                "namespace": "aws:elasticbeanstalk:control",
                "resource": "",
                "value": "0"
              },
              {
                "name": "LaunchType",
                "namespace": "aws:elasticbeanstalk:control",
                "resource": "",
                "value": "Migration"
              },
              {
                "name": "ListenerEnabled",
                "namespace": "aws:elbv2:listener:default",
                "resource": "",
                "value": "true"
              },
              {
                "name": "LoadBalancerIsShared",
                "namespace": "aws:elasticbeanstalk:environment",
                "resource": "",
                "value": "false"
              },
              {
                "name": "LoadBalancerType",
                "namespace": "aws:elasticbeanstalk:environment",
                "resource": "",
                "value": "application"
              },
              {
                "name": "LogPublicationControl",
                "namespace": "aws:elasticbeanstalk:hostmanager",
                "resource": "",
                "value": "false"
              },
              {
                "name": "LowerBreachScaleIncrement",
                "namespace": "aws:autoscaling:trigger",
                "resource": "",
                "value": "-1"
              },
              {
                "name": "LowerThreshold",
                "namespace": "aws:autoscaling:trigger",
                "resource": "",
                "value": "2000000"
              },
              {
                "name": "ManagedActionsEnabled",
                "namespace": "aws:elasticbeanstalk:managedactions",
                "resource": "",
                "value": "false"
              },
              {
                "name": "ManagedSecurityGroup",
                "namespace": "aws:elbv2:loadbalancer",
                "resource": "",
                "value": "sg-0136785d62b1061c4"
              },
              {
                "name": "MatcherHTTPCode",
                "namespace": "aws:elasticbeanstalk:environment:process:default",
                "resource": "",
                "value": ""
              },
              {
                "name": "MaxBatchSize",
                "namespace": "aws:autoscaling:updatepolicy:rollingupdate",
                "resource": "",
                "value": ""
              },
              {
                "name": "MaxSize",
                "namespace": "aws:autoscaling:asg",
                "resource": "",
                "value": "4"
              },
              {
                "name": "MeasureName",
                "namespace": "aws:autoscaling:trigger",
                "resource": "",
                "value": "NetworkOut"
              },
              {
                "name": "MinInstancesInService",
                "namespace": "aws:autoscaling:updatepolicy:rollingupdate",
                "resource": "",
                "value": ""
              },
              {
                "name": "MinSize",
                "namespace": "aws:autoscaling:asg",
                "resource": "",
                "value": "2"
              },
              {
                "name": "MonitoringInterval",
                "namespace": "aws:autoscaling:launchconfiguration",
                "resource": "",
                "value": "5 minute"
              },
              {
                "name": "NewVersionPercent",
                "namespace": "aws:elasticbeanstalk:trafficsplitting",
                "resource": "",
                "value": ""
              },
              {
                "name": "Notification Endpoint",
                "namespace": "aws:elasticbeanstalk:sns:topics",
                "resource": "",
                "value": ""
              },
              {
                "name": "Notification Protocol",
                "namespace": "aws:elasticbeanstalk:sns:topics",
                "resource": "",
                "value": "email"
              },
              {
                "name": "Notification Topic ARN",
                "namespace": "aws:elasticbeanstalk:sns:topics",
                "resource": "",
                "value": ""
              },
              {
                "name": "Notification Topic Name",
                "namespace": "aws:elasticbeanstalk:sns:topics",
                "resource": "",
                "value": ""
              },
              {
                "name": "NumProcesses",
                "namespace": "aws:elasticbeanstalk:container:python",
                "resource": "",
                "value": "1"
              },
              {
                "name": "NumThreads",
                "namespace": "aws:elasticbeanstalk:container:python",
                "resource": "",
                "value": "15"
              },
              {
                "name": "PYTHONPATH",
                "namespace": "aws:elasticbeanstalk:application:environment",
                "resource": "",
                "value": "/var/app/venv/staging-LQM1lest/bin"
              },
              {
                "name": "PauseTime",
                "namespace": "aws:autoscaling:updatepolicy:rollingupdate",
                "resource": "",
                "value": ""
              },
              {
                "name": "Period",
                "namespace": "aws:autoscaling:trigger",
                "resource": "",
                "value": "5"
              },
              {
                "name": "Port",
                "namespace": "aws:elasticbeanstalk:environment:process:default",
                "resource": "",
                "value": "80"
              },
              {
                "name": "PreferredStartTime",
                "namespace": "aws:elasticbeanstalk:managedactions",
                "resource": "",
                "value": ""
              },
              {
                "name": "Protocol",
                "namespace": "aws:elasticbeanstalk:environment:process:default",
                "resource": "",
                "value": "HTTP"
              },
              {
                "name": "Protocol",
                "namespace": "aws:elbv2:listener:default",
                "resource": "",
                "value": "HTTP"
              },
              {
                "name": "ProxyServer",
                "namespace": "aws:elasticbeanstalk:environment:proxy",
                "resource": "",
                "value": "nginx"
              },
              {
                "name": "RetentionInDays",
                "namespace": "aws:elasticbeanstalk:cloudwatch:logs",
                "resource": "",
                "value": "7"
              },
              {
                "name": "RetentionInDays",
                "namespace": "aws:elasticbeanstalk:cloudwatch:logs:health",
                "resource": "",
                "value": "7"
              },
              {
                "name": "RollbackLaunchOnFailure",
                "namespace": "aws:elasticbeanstalk:control",
                "resource": "",
                "value": "false"
              },
              {
                "name": "RollingUpdateEnabled",
                "namespace": "aws:autoscaling:updatepolicy:rollingupdate",
                "resource": "",
                "value": "false"
              },
              {
                "name": "RollingUpdateType",
                "namespace": "aws:autoscaling:updatepolicy:rollingupdate",
                "resource": "",
                "value": "Time"
              },
              {
                "name": "RootVolumeIOPS",
                "namespace": "aws:autoscaling:launchconfiguration",
                "resource": "",
                "value": ""
              },
              {
                "name": "RootVolumeSize",
                "namespace": "aws:autoscaling:launchconfiguration",
                "resource": "",
                "value": ""
              },
              {
                "name": "RootVolumeThroughput",
                "namespace": "aws:autoscaling:launchconfiguration",
                "resource": "",
                "value": ""
              },
              {
                "name": "RootVolumeType",
                "namespace": "aws:autoscaling:launchconfiguration",
                "resource": "",
                "value": ""
              },
              {
                "name": "Rules",
                "namespace": "aws:elbv2:listener:default",
                "resource": "",
                "value": ""
              },
              {
                "name": "SSHSourceRestriction",
                "namespace": "aws:autoscaling:launchconfiguration",
                "resource": "",
                "value": "tcp,22,22,0.0.0.0/0"
              },
              {
                "name": "SSLCertificateArns",
                "namespace": "aws:elbv2:listener:default",
                "resource": "",
                "value": ""
              },
              {
                "name": "SSLPolicy",
                "namespace": "aws:elbv2:listener:default",
                "resource": "",
                "value": ""
              },
              {
                "name": "SecurityGroups",
                "namespace": "aws:autoscaling:launchconfiguration",
                "resource": "",
                "value": "sg-0136785d62b1061c4"
              },
              {
                "name": "SecurityGroups",
                "namespace": "aws:elbv2:loadbalancer",
                "resource": "",
                "value": "sg-0136785d62b1061c4"
              },
              {
                "name": "ServiceRole",
                "namespace": "aws:elasticbeanstalk:environment",
                "resource": "",
                "value": "arn:aws:iam::299145660695:role/seoul-beanstalk-service-role"
              },
              {
                "name": "ServiceRoleForManagedUpdates",
                "namespace": "aws:elasticbeanstalk:managedactions",
                "resource": "",
                "value": "arn:aws:iam::299145660695:role/seoul-beanstalk-service-role"
              },
              {
                "name": "SpotAllocationStrategy",
                "namespace": "aws:ec2:instances",
                "resource": "",
                "value": "capacity-optimized"
              },
              {
                "name": "SpotFleetOnDemandAboveBasePercentage",
                "namespace": "aws:ec2:instances",
                "resource": "",
                "value": "70"
              },
              {
                "name": "SpotFleetOnDemandBase",
                "namespace": "aws:ec2:instances",
                "resource": "",
                "value": "0"
              },
              {
                "name": "SpotMaxPrice",
                "namespace": "aws:ec2:instances",
                "resource": "",
                "value": ""
              },
              {
                "name": "StaticFiles",
                "namespace": "aws:cloudformation:template:parameter",
                "resource": "",
                "value": ""
              },
              {
                "name": "Statistic",
                "namespace": "aws:autoscaling:trigger",
                "resource": "",
                "value": "Average"
              },
              {
                "name": "StickinessEnabled",
                "namespace": "aws:elasticbeanstalk:environment:process:default",
                "resource": "",
                "value": "false"
              },
              {
                "name": "StickinessLBCookieDuration",
                "namespace": "aws:elasticbeanstalk:environment:process:default",
                "resource": "",
                "value": "86400"
              },
              {
                "name": "StickinessType",
                "namespace": "aws:elasticbeanstalk:environment:process:default",
                "resource": "",
                "value": "lb_cookie"
              },
              {
                "name": "StreamLogs",
                "namespace": "aws:elasticbeanstalk:cloudwatch:logs",
                "resource": "",
                "value": "false"
              },
              {
                "name": "Subnets",
                "namespace": "aws:ec2:vpc",
                "resource": "",
                "value": "subnet-09ca5bf59eab4a46d,subnet-0f79754b4cc788b26"
              },
              {
                "name": "SupportedArchitectures",
                "namespace": "aws:ec2:instances",
                "resource": "",
                "value": "x86_64"
              },
              {
                "name": "SystemType",
                "namespace": "aws:elasticbeanstalk:healthreporting:system",
                "resource": "",
                "value": "enhanced"
              },
              {
                "name": "Timeout",
                "namespace": "aws:autoscaling:updatepolicy:rollingupdate",
                "resource": "",
                "value": "PT30M"
              },
              {
                "name": "Timeout",
                "namespace": "aws:elasticbeanstalk:command",
                "resource": "",
                "value": "600"
              },
              {
                "name": "UnhealthyThresholdCount",
                "namespace": "aws:elasticbeanstalk:environment:process:default",
                "resource": "",
                "value": "5"
              },
              {
                "name": "Unit",
                "namespace": "aws:autoscaling:trigger",
                "resource": "",
                "value": "Bytes"
              },
              {
                "name": "UpdateLevel",
                "namespace": "aws:elasticbeanstalk:managedactions:platformupdate",
                "resource": "",
                "value": ""
              },
              {
                "name": "UpperBreachScaleIncrement",
                "namespace": "aws:autoscaling:trigger",
                "resource": "",
                "value": "1"
              },
              {
                "name": "UpperThreshold",
                "namespace": "aws:autoscaling:trigger",
                "resource": "",
                "value": "6000000"
              },
              {
                "name": "VPCId",
                "namespace": "aws:ec2:vpc",
                "resource": "",
                "value": "vpc-0f10074e7fe0fdde1"
              },
              {
                "name": "WSGIPath",
                "namespace": "aws:elasticbeanstalk:container:python",
                "resource": "",
                "value": "application"
              },
              {
                "name": "XRayEnabled",
                "namespace": "aws:elasticbeanstalk:xray",
                "resource": "",
                "value": "false"
              }
            ],
            "application": "seoul-webapp",
            "arn": "arn:aws:elasticbeanstalk:ap-northeast-2:299145660695:environment/seoul-webapp/seoul-webapp-env",
            "autoscaling_groups": [
              "awseb-e-8y933e9jud-stack-AWSEBAutoScalingGroup-3qwmmKezkWwW"
            ],
            "cname": "seoul-webapp-env.eba-kb5b8vjf.ap-northeast-2.elasticbeanstalk.com",
            "cname_prefix": "",
            "description": "",
            "endpoint_url": "awseb--AWSEB-Y8mHYpDjqtEx-441965982.ap-northeast-2.elb.amazonaws.com",
            "id": "e-8y933e9jud",
            "instances": [
              "i-0e4450c9337c9a6e5",
              "i-024dae894e113123c"
            ],
            "launch_configurations": [],
            "load_balancers": [
              "arn:aws:elasticloadbalancing:ap-northeast-2:299145660695:loadbalancer/app/awseb--AWSEB-Y8mHYpDjqtEx/f581ab55b976f502"
            ],
            "name": "seoul-webapp-env",
            "platform_arn": "arn:aws:elasticbeanstalk:ap-northeast-2::platform/Python 3.11 running on 64bit Amazon Linux 2023/4.7.5",
            "poll_interval": null,
            "queues": [],
            "setting": [
              {
                "name": "AssociatePublicIpAddress",
                "namespace": "aws:ec2:vpc",
                "resource": "",
                "value": "false"
              },
              {
                "name": "EC2KeyName",
                "namespace": "aws:autoscaling:launchconfiguration",
                "resource": "",
                "value": "cloudupcon"
              },
              {
                "name": "EnvironmentType",
                "namespace": "aws:elasticbeanstalk:environment",
                "resource": "",
                "value": "LoadBalanced"
              },
              {
                "name": "IamInstanceProfile",
                "namespace": "aws:autoscaling:launchconfiguration",
                "resource": "",
                "value": "seoul-beanstalk-ec2-profile"
              },
              {
                "name": "InstanceType",
                "namespace": "aws:autoscaling:launchconfiguration",
                "resource": "",
                "value": "t3.micro"
              },
              {
                "name": "LoadBalancerType",
                "namespace": "aws:elasticbeanstalk:environment",
                "resource": "",
                "value": "application"
              },
              {
                "name": "ManagedSecurityGroup",
                "namespace": "aws:elbv2:loadbalancer",
                "resource": "",
                "value": "sg-0136785d62b1061c4"
              },
              {
                "name": "MaxSize",
                "namespace": "aws:autoscaling:asg",
                "resource": "",
                "value": "4"
              },
              {
                "name": "MinSize",
                "namespace": "aws:autoscaling:asg",
                "resource": "",
                "value": "2"
              },
              {
                "name": "SecurityGroups",
                "namespace": "aws:autoscaling:launchconfiguration",
                "resource": "",
                "value": "sg-0136785d62b1061c4"
              },
              {
                "name": "SecurityGroups",
                "namespace": "aws:elbv2:loadbalancer",
                "resource": "",
                "value": "sg-0136785d62b1061c4"
              },
              {
                "name": "ServiceRole",
                "namespace": "aws:elasticbeanstalk:environment",
                "resource": "",
                "value": "arn:aws:iam::299145660695:role/seoul-beanstalk-service-role"
              },
              {
                "name": "Subnets",
                "namespace": "aws:ec2:vpc",
                "resource": "",
                "value": "subnet-09ca5bf59eab4a46d,subnet-0f79754b4cc788b26"
              },
              {
                "name": "SystemType",
                "namespace": "aws:elasticbeanstalk:healthreporting:system",
                "resource": "",
                "value": "enhanced"
              },
              {
                "name": "VPCId",
                "namespace": "aws:ec2:vpc",
                "resource": "",
                "value": "vpc-0f10074e7fe0fdde1"
              }
            ],
            "solution_stack_name": "64bit Amazon Linux 2023 v4.7.5 running Python 3.11",
            "tags": {},
            "tags_all": {},
            "template_name": null,
            "tier": "WebServer",
            "triggers": [],
            "version_label": "",
            "wait_for_ready_timeout": "20m"
          },
          "sensitive_attributes": [],
          "identity_schema_version": 0,
          "private": "eyJzY2hlbWFfdmVyc2lvbiI6IjEifQ==",
          "dependencies": [
            "aws_elastic_beanstalk_application.seoul_app",
            "aws_iam_instance_profile.beanstalk_ec2",
            "aws_iam_role.beanstalk_ec2",
            "aws_iam_role.beanstalk_service",
            "aws_security_group.beanstalk",
            "module.seoul.aws_subnet.private_beanstalk",
            "module.seoul.aws_vpc.main"
          ]
        }
      ]
    },
    {
      "mode": "managed",
      "type": "aws_iam_instance_profile",
      "name": "beanstalk_ec2",
      "provider": "provider[\"registry.terraform.io/hashicorp/aws\"].seoul",
      "instances": [
        {
          "schema_version": 0,
          "attributes": {
            "arn": "arn:aws:iam::299145660695:instance-profile/seoul-beanstalk-ec2-profile",
            "create_date": "2025-11-17T08:50:49Z",
            "id": "seoul-beanstalk-ec2-profile",
            "name": "seoul-beanstalk-ec2-profile",
            "name_prefix": "",
            "path": "/",
            "role": "seoul-beanstalk-ec2-role",
            "tags": null,
            "tags_all": {},
            "unique_id": "AIPAULJTYREL3VEX6HP35"
          },
          "sensitive_attributes": [],
          "identity_schema_version": 0,
          "private": "bnVsbA==",
          "dependencies": [
            "aws_iam_role.beanstalk_ec2"
          ]
        }
      ]
    },
    {
      "mode": "managed",
      "type": "aws_iam_role",
      "name": "beanstalk_ec2",
      "provider": "provider[\"registry.terraform.io/hashicorp/aws\"].seoul",
      "instances": [
        {
          "schema_version": 0,
          "attributes": {
            "arn": "arn:aws:iam::299145660695:role/seoul-beanstalk-ec2-role",
            "assume_role_policy": "{\"Statement\":[{\"Action\":\"sts:AssumeRole\",\"Effect\":\"Allow\",\"Principal\":{\"Service\":\"ec2.amazonaws.com\"}}],\"Version\":\"2012-10-17\"}",
            "create_date": "2025-11-17T08:50:48Z",
            "description": "",
            "force_detach_policies": false,
            "id": "seoul-beanstalk-ec2-role",
            "inline_policy": [],
            "managed_policy_arns": [],
            "max_session_duration": 3600,
            "name": "seoul-beanstalk-ec2-role",
            "name_prefix": "",
            "path": "/",
            "permissions_boundary": "",
            "tags": null,
            "tags_all": {},
            "unique_id": "AROAULJTYREL7EHA7VNTH"
          },
          "sensitive_attributes": [],
          "identity_schema_version": 0,
          "private": "bnVsbA=="
        }
      ]
    },
    {
      "mode": "managed",
      "type": "aws_iam_role",
      "name": "beanstalk_service",
      "provider": "provider[\"registry.terraform.io/hashicorp/aws\"].seoul",
      "instances": [
        {
          "schema_version": 0,
          "attributes": {
            "arn": "arn:aws:iam::299145660695:role/seoul-beanstalk-service-role",
            "assume_role_policy": "{\"Statement\":[{\"Action\":\"sts:AssumeRole\",\"Effect\":\"Allow\",\"Principal\":{\"Service\":\"elasticbeanstalk.amazonaws.com\"}}],\"Version\":\"2012-10-17\"}",
            "create_date": "2025-11-17T08:50:48Z",
            "description": "",
            "force_detach_policies": false,
            "id": "seoul-beanstalk-service-role",
            "inline_policy": [],
            "managed_policy_arns": [],
            "max_session_duration": 3600,
            "name": "seoul-beanstalk-service-role",
            "name_prefix": "",
            "path": "/",
            "permissions_boundary": "",
            "tags": null,
            "tags_all": {},
            "unique_id": "AROAULJTYRELSU6I7JTG2"
          },
          "sensitive_attributes": [],
          "identity_schema_version": 0,
          "private": "bnVsbA=="
        }
      ]
    },
    {
      "mode": "managed",
      "type": "aws_iam_role_policy_attachment",
      "name": "beanstalk_ec2_multicontainer",
      "provider": "provider[\"registry.terraform.io/hashicorp/aws\"].seoul",
      "instances": [
        {
          "schema_version": 0,
          "attributes": {
            "id": "seoul-beanstalk-ec2-role-20251117085049686500000004",
            "policy_arn": "arn:aws:iam::aws:policy/AWSElasticBeanstalkMulticontainerDocker",
            "role": "seoul-beanstalk-ec2-role"
          },
          "sensitive_attributes": [],
          "identity_schema_version": 0,
          "private": "bnVsbA==",
          "dependencies": [
            "aws_iam_role.beanstalk_ec2"
          ]
        }
      ]
    },
    {
      "mode": "managed",
      "type": "aws_iam_role_policy_attachment",
      "name": "beanstalk_ec2_web",
      "provider": "provider[\"registry.terraform.io/hashicorp/aws\"].seoul",
      "instances": [
        {
          "schema_version": 0,
          "attributes": {
            "id": "seoul-beanstalk-ec2-role-20251117085049608800000003",
            "policy_arn": "arn:aws:iam::aws:policy/AWSElasticBeanstalkWebTier",
            "role": "seoul-beanstalk-ec2-role"
          },
          "sensitive_attributes": [],
          "identity_schema_version": 0,
          "private": "bnVsbA==",
          "dependencies": [
            "aws_iam_role.beanstalk_ec2"
          ]
        }
      ]
    },
    {
      "mode": "managed",
      "type": "aws_iam_role_policy_attachment",
      "name": "beanstalk_ec2_worker",
      "provider": "provider[\"registry.terraform.io/hashicorp/aws\"].seoul",
      "instances": [
        {
          "schema_version": 0,
          "attributes": {
            "id": "seoul-beanstalk-ec2-role-20251117085049877700000005",
            "policy_arn": "arn:aws:iam::aws:policy/AWSElasticBeanstalkWorkerTier",
            "role": "seoul-beanstalk-ec2-role"
          },
          "sensitive_attributes": [],
          "identity_schema_version": 0,
          "private": "bnVsbA==",
          "dependencies": [
            "aws_iam_role.beanstalk_ec2"
          ]
        }
      ]
    },
    {
      "mode": "managed",
      "type": "aws_iam_role_policy_attachment",
      "name": "beanstalk_service_health",
      "provider": "provider[\"registry.terraform.io/hashicorp/aws\"].seoul",
      "instances": [
        {
          "schema_version": 0,
          "attributes": {
            "id": "seoul-beanstalk-service-role-20251117085049412400000002",
            "policy_arn": "arn:aws:iam::aws:policy/service-role/AWSElasticBeanstalkEnhancedHealth",
            "role": "seoul-beanstalk-service-role"
          },
          "sensitive_attributes": [],
          "identity_schema_version": 0,
          "private": "bnVsbA==",
          "dependencies": [
            "aws_iam_role.beanstalk_service"
          ]
        }
      ]
    },
    {
      "mode": "managed",
      "type": "aws_iam_role_policy_attachment",
      "name": "beanstalk_service_managed",
      "provider": "provider[\"registry.terraform.io/hashicorp/aws\"].seoul",
      "instances": [
        {
          "schema_version": 0,
          "attributes": {
            "id": "seoul-beanstalk-service-role-20251117085049350500000001",
            "policy_arn": "arn:aws:iam::aws:policy/AWSElasticBeanstalkManagedUpdatesCustomerRolePolicy",
            "role": "seoul-beanstalk-service-role"
          },
          "sensitive_attributes": [],
          "identity_schema_version": 0,
          "private": "bnVsbA==",
          "dependencies": [
            "aws_iam_role.beanstalk_service"
          ]
        }
      ]
    },
    {
      "mode": "managed",
      "type": "aws_route",
      "name": "seoul_idc_private_to_tokyo_aws",
      "provider": "provider[\"registry.terraform.io/hashicorp/aws\"].seoul",
      "instances": [
        {
          "schema_version": 0,
          "attributes": {
            "carrier_gateway_id": "",
            "core_network_arn": "",
            "destination_cidr_block": "40.0.0.0/16",
            "destination_ipv6_cidr_block": "",
            "destination_prefix_list_id": "",
            "egress_only_gateway_id": "",
            "gateway_id": "",
            "id": "r-rtb-0f700d320d1c4ec222079178328",
            "instance_id": "i-0ace350090ce435f1",
            "instance_owner_id": "299145660695",
            "local_gateway_id": "",
            "nat_gateway_id": "",
            "network_interface_id": "eni-0fa2acbe473393a3a",
            "origin": "CreateRoute",
            "route_table_id": "rtb-0f700d320d1c4ec22",
            "state": "active",
            "timeouts": null,
            "transit_gateway_id": "",
            "vpc_endpoint_id": "",
            "vpc_peering_connection_id": ""
          },
          "sensitive_attributes": [],
          "identity_schema_version": 0,
          "private": "eyJlMmJmYjczMC1lY2FhLTExZTYtOGY4OC0zNDM2M2JjN2M0YzAiOnsiY3JlYXRlIjozMDAwMDAwMDAwMDAsImRlbGV0ZSI6MzAwMDAwMDAwMDAwLCJ1cGRhdGUiOjEyMDAwMDAwMDAwMH19",
          "dependencies": [
            "aws_customer_gateway.idc",
            "aws_ec2_transit_gateway.main",
            "aws_eip.idc_cgw",
            "aws_vpn_connection.seoul_to_idc",
            "module.idc.aws_instance.cgw",
            "module.idc.aws_route_table.private",
            "module.idc.aws_security_group.cgw",
            "module.idc.aws_subnet.public_cgw",
            "module.idc.aws_vpc.main"
          ]
        }
      ]
    },
    {
      "mode": "managed",
      "type": "aws_route",
      "name": "seoul_idc_private_to_tokyo_idc",
      "provider": "provider[\"registry.terraform.io/hashicorp/aws\"].seoul",
      "instances": [
        {
          "schema_version": 0,
          "attributes": {
            "carrier_gateway_id": "",
            "core_network_arn": "",
            "destination_cidr_block": "30.0.0.0/16",
            "destination_ipv6_cidr_block": "",
            "destination_prefix_list_id": "",
            "egress_only_gateway_id": "",
            "gateway_id": "",
            "id": "r-rtb-0f700d320d1c4ec221389800411",
            "instance_id": "i-0ace350090ce435f1",
            "instance_owner_id": "299145660695",
            "local_gateway_id": "",
            "nat_gateway_id": "",
            "network_interface_id": "eni-0fa2acbe473393a3a",
            "origin": "CreateRoute",
            "route_table_id": "rtb-0f700d320d1c4ec22",
            "state": "active",
            "timeouts": null,
            "transit_gateway_id": "",
            "vpc_endpoint_id": "",
            "vpc_peering_connection_id": ""
          },
          "sensitive_attributes": [],
          "identity_schema_version": 0,
          "private": "eyJlMmJmYjczMC1lY2FhLTExZTYtOGY4OC0zNDM2M2JjN2M0YzAiOnsiY3JlYXRlIjozMDAwMDAwMDAwMDAsImRlbGV0ZSI6MzAwMDAwMDAwMDAwLCJ1cGRhdGUiOjEyMDAwMDAwMDAwMH19",
          "dependencies": [
            "aws_customer_gateway.idc",
            "aws_ec2_transit_gateway.main",
            "aws_eip.idc_cgw",
            "aws_vpn_connection.seoul_to_idc",
            "module.idc.aws_instance.cgw",
            "module.idc.aws_route_table.private",
            "module.idc.aws_security_group.cgw",
            "module.idc.aws_subnet.public_cgw",
            "module.idc.aws_vpc.main"
          ]
        }
      ]
    },
    {
      "mode": "managed",
      "type": "aws_route",
      "name": "seoul_idc_public_to_tokyo_aws",
      "provider": "provider[\"registry.terraform.io/hashicorp/aws\"].seoul",
      "instances": [
        {
          "schema_version": 0,
          "attributes": {
            "carrier_gateway_id": "",
            "core_network_arn": "",
            "destination_cidr_block": "40.0.0.0/16",
            "destination_ipv6_cidr_block": "",
            "destination_prefix_list_id": "",
            "egress_only_gateway_id": "",
            "gateway_id": "",
            "id": "r-rtb-089ad3673b393268a2079178328",
            "instance_id": "i-0ace350090ce435f1",
            "instance_owner_id": "299145660695",
            "local_gateway_id": "",
            "nat_gateway_id": "",
            "network_interface_id": "eni-0fa2acbe473393a3a",
            "origin": "CreateRoute",
            "route_table_id": "rtb-089ad3673b393268a",
            "state": "active",
            "timeouts": null,
            "transit_gateway_id": "",
            "vpc_endpoint_id": "",
            "vpc_peering_connection_id": ""
          },
          "sensitive_attributes": [],
          "identity_schema_version": 0,
          "private": "eyJlMmJmYjczMC1lY2FhLTExZTYtOGY4OC0zNDM2M2JjN2M0YzAiOnsiY3JlYXRlIjozMDAwMDAwMDAwMDAsImRlbGV0ZSI6MzAwMDAwMDAwMDAwLCJ1cGRhdGUiOjEyMDAwMDAwMDAwMH19",
          "dependencies": [
            "aws_customer_gateway.idc",
            "aws_ec2_transit_gateway.main",
            "aws_eip.idc_cgw",
            "aws_vpn_connection.seoul_to_idc",
            "module.idc.aws_instance.cgw",
            "module.idc.aws_internet_gateway.main",
            "module.idc.aws_route_table.public",
            "module.idc.aws_security_group.cgw",
            "module.idc.aws_subnet.public_cgw",
            "module.idc.aws_vpc.main"
          ]
        }
      ]
    },
    {
      "mode": "managed",
      "type": "aws_route",
      "name": "seoul_idc_public_to_tokyo_idc",
      "provider": "provider[\"registry.terraform.io/hashicorp/aws\"].seoul",
      "instances": [
        {
          "schema_version": 0,
          "attributes": {
            "carrier_gateway_id": "",
            "core_network_arn": "",
            "destination_cidr_block": "30.0.0.0/16",
            "destination_ipv6_cidr_block": "",
            "destination_prefix_list_id": "",
            "egress_only_gateway_id": "",
            "gateway_id": "",
            "id": "r-rtb-089ad3673b393268a1389800411",
            "instance_id": "i-0ace350090ce435f1",
            "instance_owner_id": "299145660695",
            "local_gateway_id": "",
            "nat_gateway_id": "",
            "network_interface_id": "eni-0fa2acbe473393a3a",
            "origin": "CreateRoute",
            "route_table_id": "rtb-089ad3673b393268a",
            "state": "active",
            "timeouts": null,
            "transit_gateway_id": "",
            "vpc_endpoint_id": "",
            "vpc_peering_connection_id": ""
          },
          "sensitive_attributes": [],
          "identity_schema_version": 0,
          "private": "eyJlMmJmYjczMC1lY2FhLTExZTYtOGY4OC0zNDM2M2JjN2M0YzAiOnsiY3JlYXRlIjozMDAwMDAwMDAwMDAsImRlbGV0ZSI6MzAwMDAwMDAwMDAwLCJ1cGRhdGUiOjEyMDAwMDAwMDAwMH19",
          "dependencies": [
            "aws_customer_gateway.idc",
            "aws_ec2_transit_gateway.main",
            "aws_eip.idc_cgw",
            "aws_vpn_connection.seoul_to_idc",
            "module.idc.aws_instance.cgw",
            "module.idc.aws_internet_gateway.main",
            "module.idc.aws_route_table.public",
            "module.idc.aws_security_group.cgw",
            "module.idc.aws_subnet.public_cgw",
            "module.idc.aws_vpc.main"
          ]
        }
      ]
    },
    {
      "mode": "managed",
      "type": "aws_route",
      "name": "seoul_private_to_tokyo_aws",
      "provider": "provider[\"registry.terraform.io/hashicorp/aws\"].seoul",
      "instances": [
        {
          "schema_version": 0,
          "attributes": {
            "carrier_gateway_id": "",
            "core_network_arn": "",
            "destination_cidr_block": "40.0.0.0/16",
            "destination_ipv6_cidr_block": "",
            "destination_prefix_list_id": "",
            "egress_only_gateway_id": "",
            "gateway_id": "",
            "id": "r-rtb-0a2350cdeed52eee82079178328",
            "instance_id": "",
            "instance_owner_id": "",
            "local_gateway_id": "",
            "nat_gateway_id": "",
            "network_interface_id": "",
            "origin": "CreateRoute",
            "route_table_id": "rtb-0a2350cdeed52eee8",
            "state": "active",
            "timeouts": null,
            "transit_gateway_id": "tgw-0d10c6b066b0c1743",
            "vpc_endpoint_id": "",
            "vpc_peering_connection_id": ""
          },
          "sensitive_attributes": [],
          "identity_schema_version": 0,
          "private": "eyJlMmJmYjczMC1lY2FhLTExZTYtOGY4OC0zNDM2M2JjN2M0YzAiOnsiY3JlYXRlIjozMDAwMDAwMDAwMDAsImRlbGV0ZSI6MzAwMDAwMDAwMDAwLCJ1cGRhdGUiOjEyMDAwMDAwMDAwMH19",
          "dependencies": [
            "aws_ec2_transit_gateway.main",
            "module.seoul.aws_eip.nat",
            "module.seoul.aws_internet_gateway.main",
            "module.seoul.aws_nat_gateway.main",
            "module.seoul.aws_route_table.private_beanstalk",
            "module.seoul.aws_subnet.public_nat",
            "module.seoul.aws_vpc.main"
          ]
        }
      ]
    },
    {
      "mode": "managed",
      "type": "aws_route",
      "name": "seoul_private_to_tokyo_idc",
      "provider": "provider[\"registry.terraform.io/hashicorp/aws\"].seoul",
      "instances": [
        {
          "schema_version": 0,
          "attributes": {
            "carrier_gateway_id": "",
            "core_network_arn": "",
            "destination_cidr_block": "30.0.0.0/16",
            "destination_ipv6_cidr_block": "",
            "destination_prefix_list_id": "",
            "egress_only_gateway_id": "",
            "gateway_id": "",
            "id": "r-rtb-0a2350cdeed52eee81389800411",
            "instance_id": "",
            "instance_owner_id": "",
            "local_gateway_id": "",
            "nat_gateway_id": "",
            "network_interface_id": "",
            "origin": "CreateRoute",
            "route_table_id": "rtb-0a2350cdeed52eee8",
            "state": "active",
            "timeouts": null,
            "transit_gateway_id": "tgw-0d10c6b066b0c1743",
            "vpc_endpoint_id": "",
            "vpc_peering_connection_id": ""
          },
          "sensitive_attributes": [],
          "identity_schema_version": 0,
          "private": "eyJlMmJmYjczMC1lY2FhLTExZTYtOGY4OC0zNDM2M2JjN2M0YzAiOnsiY3JlYXRlIjozMDAwMDAwMDAwMDAsImRlbGV0ZSI6MzAwMDAwMDAwMDAwLCJ1cGRhdGUiOjEyMDAwMDAwMDAwMH19",
          "dependencies": [
            "aws_ec2_transit_gateway.main",
            "module.seoul.aws_eip.nat",
            "module.seoul.aws_internet_gateway.main",
            "module.seoul.aws_nat_gateway.main",
            "module.seoul.aws_route_table.private_beanstalk",
            "module.seoul.aws_subnet.public_nat",
            "module.seoul.aws_vpc.main"
          ]
        }
      ]
    },
    {
      "mode": "managed",
      "type": "aws_security_group",
      "name": "beanstalk",
      "provider": "provider[\"registry.terraform.io/hashicorp/aws\"].seoul",
      "instances": [
        {
          "schema_version": 1,
          "attributes": {
            "arn": "arn:aws:ec2:ap-northeast-2:299145660695:security-group/sg-0136785d62b1061c4",
            "description": "Security group for Elastic Beanstalk instances",
            "egress": [
              {
                "cidr_blocks": [
                  "0.0.0.0/0"
                ],
                "description": "",
                "from_port": 0,
                "ipv6_cidr_blocks": [],
                "prefix_list_ids": [],
                "protocol": "-1",
                "security_groups": [],
                "self": false,
                "to_port": 0
              }
            ],
            "id": "sg-0136785d62b1061c4",
            "ingress": [
              {
                "cidr_blocks": [
                  "0.0.0.0/0"
                ],
                "description": "HTTP from anywhere",
                "from_port": 80,
                "ipv6_cidr_blocks": [],
                "prefix_list_ids": [],
                "protocol": "tcp",
                "security_groups": [],
                "self": false,
                "to_port": 80
              },
              {
                "cidr_blocks": [
                  "0.0.0.0/0"
                ],
                "description": "HTTPS from anywhere",
                "from_port": 443,
                "ipv6_cidr_blocks": [],
                "prefix_list_ids": [],
                "protocol": "tcp",
                "security_groups": [],
                "self": false,
                "to_port": 443
              },
              {
                "cidr_blocks": [
                  "10.0.0.0/16",
                  "30.0.0.0/16",
                  "172.16.0.0/16"
                ],
                "description": "ICMP from VPCs and IDC",
                "from_port": -1,
                "ipv6_cidr_blocks": [],
                "prefix_list_ids": [],
                "protocol": "icmp",
                "security_groups": [],
                "self": false,
                "to_port": -1
              }
            ],
            "name": "seoul-beanstalk-sg",
            "name_prefix": "",
            "owner_id": "299145660695",
            "revoke_rules_on_delete": false,
            "tags": {
              "Name": "seoul-beanstalk-sg"
            },
            "tags_all": {
              "Name": "seoul-beanstalk-sg"
            },
            "timeouts": null,
            "vpc_id": "vpc-0f10074e7fe0fdde1"
          },
          "sensitive_attributes": [],
          "identity_schema_version": 0,
          "private": "eyJlMmJmYjczMC1lY2FhLTExZTYtOGY4OC0zNDM2M2JjN2M0YzAiOnsiY3JlYXRlIjo2MDAwMDAwMDAwMDAsImRlbGV0ZSI6OTAwMDAwMDAwMDAwfSwic2NoZW1hX3ZlcnNpb24iOiIxIn0=",
          "dependencies": [
            "module.seoul.aws_vpc.main"
          ]
        }
      ]
    },
    {
      "mode": "managed",
      "type": "aws_vpn_connection",
      "name": "seoul_to_idc",
      "provider": "provider[\"registry.terraform.io/hashicorp/aws\"].seoul",
      "instances": [
        {
          "schema_version": 0,
          "attributes": {
            "arn": "arn:aws:ec2:ap-northeast-2:299145660695:vpn-connection/vpn-0125751f071ed4813",
            "core_network_arn": "",
            "core_network_attachment_arn": "",
            "customer_gateway_configuration": "\u003c?xml version=\"1.0\" encoding=\"UTF-8\"?\u003e\n\u003cvpn_connection id=\"vpn-0125751f071ed4813\"\u003e\n  \u003ccustomer_gateway_id\u003ecgw-0424223a1ed745a77\u003c/customer_gateway_id\u003e\n  \u003cvpn_gateway_id\u003e\u003c/vpn_gateway_id\u003e\n  \u003cvpn_connection_type\u003eipsec.1\u003c/vpn_connection_type\u003e\n  \u003cvpn_connection_attributes\u003eNoBGPVPNConnection\u003c/vpn_connection_attributes\u003e\n  \u003cipsec_tunnel\u003e\n    \u003ccustomer_gateway\u003e\n      \u003ctunnel_outside_address\u003e\n        \u003cip_address\u003e3.36.229.69\u003c/ip_address\u003e\n      \u003c/tunnel_outside_address\u003e\n      \u003ctunnel_inside_address\u003e\n        \u003cip_address\u003e169.254.129.178\u003c/ip_address\u003e\n        \u003cnetwork_mask\u003e255.255.255.252\u003c/network_mask\u003e\n        \u003cnetwork_cidr\u003e30\u003c/network_cidr\u003e\n      \u003c/tunnel_inside_address\u003e\n    \u003c/customer_gateway\u003e\n    \u003cvpn_gateway\u003e\n      \u003ctunnel_outside_address\u003e\n        \u003cip_address\u003e3.34.16.62\u003c/ip_address\u003e\n      \u003c/tunnel_outside_address\u003e\n      \u003ctunnel_inside_address\u003e\n        \u003cip_address\u003e169.254.129.177\u003c/ip_address\u003e\n        \u003cnetwork_mask\u003e255.255.255.252\u003c/network_mask\u003e\n        \u003cnetwork_cidr\u003e30\u003c/network_cidr\u003e\n      \u003c/tunnel_inside_address\u003e\n    \u003c/vpn_gateway\u003e\n    \u003cike\u003e\n      \u003cauthentication_protocol\u003esha1\u003c/authentication_protocol\u003e\n      \u003cencryption_protocol\u003eaes-128-cbc\u003c/encryption_protocol\u003e\n      \u003clifetime\u003e28800\u003c/lifetime\u003e\n      \u003cperfect_forward_secrecy\u003egroup2\u003c/perfect_forward_secrecy\u003e\n      \u003cmode\u003emain\u003c/mode\u003e\n      \u003cpre_shared_key\u003eo0Rbqw3YO4Tfo.frycg8BlcAimVEIVQQ\u003c/pre_shared_key\u003e\n    \u003c/ike\u003e\n    \u003cipsec\u003e\n      \u003cprotocol\u003eesp\u003c/protocol\u003e\n      \u003cauthentication_protocol\u003ehmac-sha1-96\u003c/authentication_protocol\u003e\n      \u003cencryption_protocol\u003eaes-128-cbc\u003c/encryption_protocol\u003e\n      \u003clifetime\u003e3600\u003c/lifetime\u003e\n      \u003cperfect_forward_secrecy\u003egroup2\u003c/perfect_forward_secrecy\u003e\n      \u003cmode\u003etunnel\u003c/mode\u003e\n      \u003cclear_df_bit\u003etrue\u003c/clear_df_bit\u003e\n      \u003cfragmentation_before_encryption\u003etrue\u003c/fragmentation_before_encryption\u003e\n      \u003ctcp_mss_adjustment\u003e1379\u003c/tcp_mss_adjustment\u003e\n      \u003cdead_peer_detection\u003e\n        \u003cinterval\u003e10\u003c/interval\u003e\n        \u003cretries\u003e3\u003c/retries\u003e\n      \u003c/dead_peer_detection\u003e\n    \u003c/ipsec\u003e\n  \u003c/ipsec_tunnel\u003e\n  \u003cipsec_tunnel\u003e\n    \u003ccustomer_gateway\u003e\n      \u003ctunnel_outside_address\u003e\n        \u003cip_address\u003e3.36.229.69\u003c/ip_address\u003e\n      \u003c/tunnel_outside_address\u003e\n      \u003ctunnel_inside_address\u003e\n        \u003cip_address\u003e169.254.43.234\u003c/ip_address\u003e\n        \u003cnetwork_mask\u003e255.255.255.252\u003c/network_mask\u003e\n        \u003cnetwork_cidr\u003e30\u003c/network_cidr\u003e\n      \u003c/tunnel_inside_address\u003e\n    \u003c/customer_gateway\u003e\n    \u003cvpn_gateway\u003e\n      \u003ctunnel_outside_address\u003e\n        \u003cip_address\u003e52.78.59.86\u003c/ip_address\u003e\n      \u003c/tunnel_outside_address\u003e\n      \u003ctunnel_inside_address\u003e\n        \u003cip_address\u003e169.254.43.233\u003c/ip_address\u003e\n        \u003cnetwork_mask\u003e255.255.255.252\u003c/network_mask\u003e\n        \u003cnetwork_cidr\u003e30\u003c/network_cidr\u003e\n      \u003c/tunnel_inside_address\u003e\n    \u003c/vpn_gateway\u003e\n    \u003cike\u003e\n      \u003cauthentication_protocol\u003esha1\u003c/authentication_protocol\u003e\n      \u003cencryption_protocol\u003eaes-128-cbc\u003c/encryption_protocol\u003e\n      \u003clifetime\u003e28800\u003c/lifetime\u003e\n      \u003cperfect_forward_secrecy\u003egroup2\u003c/perfect_forward_secrecy\u003e\n      \u003cmode\u003emain\u003c/mode\u003e\n      \u003cpre_shared_key\u003e6KYwLSNt8eqTLbTq3si2LwltLNxEAiNr\u003c/pre_shared_key\u003e\n    \u003c/ike\u003e\n    \u003cipsec\u003e\n      \u003cprotocol\u003eesp\u003c/protocol\u003e\n      \u003cauthentication_protocol\u003ehmac-sha1-96\u003c/authentication_protocol\u003e\n      \u003cencryption_protocol\u003eaes-128-cbc\u003c/encryption_protocol\u003e\n      \u003clifetime\u003e3600\u003c/lifetime\u003e\n      \u003cperfect_forward_secrecy\u003egroup2\u003c/perfect_forward_secrecy\u003e\n      \u003cmode\u003etunnel\u003c/mode\u003e\n      \u003cclear_df_bit\u003etrue\u003c/clear_df_bit\u003e\n      \u003cfragmentation_before_encryption\u003etrue\u003c/fragmentation_before_encryption\u003e\n      \u003ctcp_mss_adjustment\u003e1379\u003c/tcp_mss_adjustment\u003e\n      \u003cdead_peer_detection\u003e\n        \u003cinterval\u003e10\u003c/interval\u003e\n        \u003cretries\u003e3\u003c/retries\u003e\n      \u003c/dead_peer_detection\u003e\n    \u003c/ipsec\u003e\n  \u003c/ipsec_tunnel\u003e\n\u003c/vpn_connection\u003e\n",
            "customer_gateway_id": "cgw-0424223a1ed745a77",
            "enable_acceleration": false,
            "id": "vpn-0125751f071ed4813",
            "local_ipv4_network_cidr": "0.0.0.0/0",
            "local_ipv6_network_cidr": "",
            "outside_ip_address_type": "PublicIpv4",
            "preshared_key_arn": "",
            "preshared_key_storage": "Standard",
            "remote_ipv4_network_cidr": "0.0.0.0/0",
            "remote_ipv6_network_cidr": "",
            "routes": [],
            "static_routes_only": true,
            "tags": {
              "Name": "seoul-to-idc-vpn"
            },
            "tags_all": {
              "Name": "seoul-to-idc-vpn"
            },
            "transit_gateway_attachment_id": "tgw-attach-0dfc44f1a0612d608",
            "transit_gateway_id": "tgw-0d10c6b066b0c1743",
            "transport_transit_gateway_attachment_id": "",
            "tunnel1_address": "3.34.16.62",
            "tunnel1_bgp_asn": "",
            "tunnel1_bgp_holdtime": 0,
            "tunnel1_cgw_inside_address": "169.254.129.178",
            "tunnel1_dpd_timeout_action": "",
            "tunnel1_dpd_timeout_seconds": 30,
            "tunnel1_enable_tunnel_lifecycle_control": false,
            "tunnel1_ike_versions": [
              "ikev2"
            ],
            "tunnel1_inside_cidr": "169.254.129.176/30",
            "tunnel1_inside_ipv6_cidr": "",
            "tunnel1_log_options": [
              {
                "cloudwatch_log_options": [
                  {
                    "log_enabled": false,
                    "log_group_arn": "",
                    "log_output_format": ""
                  }
                ]
              }
            ],
            "tunnel1_phase1_dh_group_numbers": [
              14
            ],
            "tunnel1_phase1_encryption_algorithms": [
              "AES128"
            ],
            "tunnel1_phase1_integrity_algorithms": [
              "SHA1"
            ],
            "tunnel1_phase1_lifetime_seconds": 0,
            "tunnel1_phase2_dh_group_numbers": [
              14
            ],
            "tunnel1_phase2_encryption_algorithms": [
              "AES128"
            ],
            "tunnel1_phase2_integrity_algorithms": [
              "SHA1"
            ],
            "tunnel1_phase2_lifetime_seconds": 0,
            "tunnel1_preshared_key": "o0Rbqw3YO4Tfo.frycg8BlcAimVEIVQQ",
            "tunnel1_rekey_fuzz_percentage": 0,
            "tunnel1_rekey_margin_time_seconds": 0,
            "tunnel1_replay_window_size": 0,
            "tunnel1_startup_action": "",
            "tunnel1_vgw_inside_address": "169.254.129.177",
            "tunnel2_address": "52.78.59.86",
            "tunnel2_bgp_asn": "",
            "tunnel2_bgp_holdtime": 0,
            "tunnel2_cgw_inside_address": "169.254.43.234",
            "tunnel2_dpd_timeout_action": "",
            "tunnel2_dpd_timeout_seconds": 30,
            "tunnel2_enable_tunnel_lifecycle_control": false,
            "tunnel2_ike_versions": [
              "ikev2"
            ],
            "tunnel2_inside_cidr": "169.254.43.232/30",
            "tunnel2_inside_ipv6_cidr": "",
            "tunnel2_log_options": [
              {
                "cloudwatch_log_options": [
                  {
                    "log_enabled": false,
                    "log_group_arn": "",
                    "log_output_format": ""
                  }
                ]
              }
            ],
            "tunnel2_phase1_dh_group_numbers": [
              14
            ],
            "tunnel2_phase1_encryption_algorithms": [
              "AES128"
            ],
            "tunnel2_phase1_integrity_algorithms": [
              "SHA1"
            ],
            "tunnel2_phase1_lifetime_seconds": 0,
            "tunnel2_phase2_dh_group_numbers": [
              14
            ],
            "tunnel2_phase2_encryption_algorithms": [
              "AES128"
            ],
            "tunnel2_phase2_integrity_algorithms": [
              "SHA1"
            ],
            "tunnel2_phase2_lifetime_seconds": 0,
            "tunnel2_preshared_key": "6KYwLSNt8eqTLbTq3si2LwltLNxEAiNr",
            "tunnel2_rekey_fuzz_percentage": 0,
            "tunnel2_rekey_margin_time_seconds": 0,
            "tunnel2_replay_window_size": 0,
            "tunnel2_startup_action": "",
            "tunnel2_vgw_inside_address": "169.254.43.233",
            "tunnel_inside_ip_version": "ipv4",
            "type": "ipsec.1",
            "vgw_telemetry": [
              {
                "accepted_route_count": 0,
                "certificate_arn": "",
                "last_status_change": "2025-11-17T08:54:56Z",
                "outside_ip_address": "3.34.16.62",
                "status": "DOWN",
                "status_message": ""
              },
              {
                "accepted_route_count": 0,
                "certificate_arn": "",
                "last_status_change": "2025-11-17T08:54:56Z",
                "outside_ip_address": "52.78.59.86",
                "status": "DOWN",
                "status_message": ""
              }
            ],
            "vpn_gateway_id": ""
          },
          "sensitive_attributes": [
            [
              {
                "type": "get_attr",
                "value": "customer_gateway_configuration"
              }
            ],
            [
              {
                "type": "get_attr",
                "value": "tunnel1_preshared_key"
              }
            ],
            [
              {
                "type": "get_attr",
                "value": "tunnel2_preshared_key"
              }
            ]
          ],
          "identity_schema_version": 0,
          "private": "bnVsbA==",
          "dependencies": [
            "aws_customer_gateway.idc",
            "aws_ec2_transit_gateway.main",
            "aws_eip.idc_cgw"
          ]
        }
      ]
    },
    {
      "module": "module.idc",
      "mode": "managed",
      "type": "aws_eip_association",
      "name": "cgw",
      "provider": "provider[\"registry.terraform.io/hashicorp/aws\"].seoul",
      "instances": [
        {
          "schema_version": 0,
          "attributes": {
            "allocation_id": "eipalloc-0361fbf78ae62872f",
            "allow_reassociation": null,
            "id": "eipassoc-0cb3d6fefcbb7f77a",
            "instance_id": "i-0ace350090ce435f1",
            "network_interface_id": "eni-0fa2acbe473393a3a",
            "private_ip_address": "10.0.1.119",
            "public_ip": "3.36.229.69"
          },
          "sensitive_attributes": [],
          "identity_schema_version": 0,
          "private": "bnVsbA==",
          "dependencies": [
            "aws_customer_gateway.idc",
            "aws_ec2_transit_gateway.main",
            "aws_eip.idc_cgw",
            "aws_vpn_connection.seoul_to_idc",
            "module.idc.aws_instance.cgw",
            "module.idc.aws_security_group.cgw",
            "module.idc.aws_subnet.public_cgw",
            "module.idc.aws_vpc.main"
          ]
        }
      ]
    },
    {
      "module": "module.idc",
      "mode": "managed",
      "type": "aws_instance",
      "name": "cgw",
      "provider": "provider[\"registry.terraform.io/hashicorp/aws\"].seoul",
      "instances": [
        {
          "schema_version": 1,
          "attributes": {
            "ami": "ami-0c1508b5372d244d7",
            "arn": "arn:aws:ec2:ap-northeast-2:299145660695:instance/i-0ace350090ce435f1",
            "associate_public_ip_address": true,
            "availability_zone": "ap-northeast-2d",
            "capacity_reservation_specification": [
              {
                "capacity_reservation_preference": "open",
                "capacity_reservation_target": []
              }
            ],
            "cpu_core_count": 1,
            "cpu_options": [
              {
                "amd_sev_snp": "",
                "core_count": 1,
                "threads_per_core": 2
              }
            ],
            "cpu_threads_per_core": 2,
            "credit_specification": [
              {
                "cpu_credits": "unlimited"
              }
            ],
            "disable_api_stop": false,
            "disable_api_termination": false,
            "ebs_block_device": [],
            "ebs_optimized": false,
            "enable_primary_ipv6": null,
            "enclave_options": [
              {
                "enabled": false
              }
            ],
            "ephemeral_block_device": [],
            "get_password_data": false,
            "hibernation": false,
            "host_id": "",
            "host_resource_group_arn": null,
            "iam_instance_profile": "",
            "id": "i-0ace350090ce435f1",
            "instance_initiated_shutdown_behavior": "stop",
            "instance_lifecycle": "",
            "instance_market_options": [],
            "instance_state": "running",
            "instance_type": "t3.micro",
            "ipv6_address_count": 0,
            "ipv6_addresses": [],
            "key_name": "cloudupcon",
            "launch_template": [],
            "maintenance_options": [
              {
                "auto_recovery": "default"
              }
            ],
            "metadata_options": [
              {
                "http_endpoint": "enabled",
                "http_protocol_ipv6": "disabled",
                "http_put_response_hop_limit": 2,
                "http_tokens": "required",
                "instance_metadata_tags": "disabled"
              }
            ],
            "monitoring": false,
            "network_interface": [],
            "outpost_arn": "",
            "password_data": "",
            "placement_group": "",
            "placement_partition_number": 0,
            "primary_network_interface_id": "eni-0fa2acbe473393a3a",
            "private_dns": "ip-10-0-1-119.ap-northeast-2.compute.internal",
            "private_dns_name_options": [
              {
                "enable_resource_name_dns_a_record": false,
                "enable_resource_name_dns_aaaa_record": false,
                "hostname_type": "ip-name"
              }
            ],
            "private_ip": "10.0.1.119",
            "public_dns": "ec2-3-35-199-171.ap-northeast-2.compute.amazonaws.com",
            "public_ip": "3.35.199.171",
            "root_block_device": [
              {
                "delete_on_termination": true,
                "device_name": "/dev/xvda",
                "encrypted": false,
                "iops": 3000,
                "kms_key_id": "",
                "tags": {},
                "tags_all": {},
                "throughput": 125,
                "volume_id": "vol-04d57faa9eb6bafda",
                "volume_size": 8,
                "volume_type": "gp3"
              }
            ],
            "secondary_private_ips": [],
            "security_groups": [],
            "source_dest_check": false,
            "spot_instance_request_id": "",
            "subnet_id": "subnet-026bf63bd4213c4fa",
            "tags": {
              "Name": "idc-cgw-instance"
            },
            "tags_all": {
              "Name": "idc-cgw-instance"
            },
            "tenancy": "default",
            "timeouts": null,
            "user_data": "f1b45fd888a11674cf14ca299bc4156fda004b1d",
            "user_data_base64": null,
            "user_data_replace_on_change": false,
            "volume_tags": null,
            "vpc_security_group_ids": [
              "sg-0a082a1298701146c"
            ]
          },
          "sensitive_attributes": [
            [
              {
                "type": "get_attr",
                "value": "user_data"
              }
            ]
          ],
          "identity_schema_version": 0,
          "private": "eyJlMmJmYjczMC1lY2FhLTExZTYtOGY4OC0zNDM2M2JjN2M0YzAiOnsiY3JlYXRlIjo2MDAwMDAwMDAwMDAsImRlbGV0ZSI6MTIwMDAwMDAwMDAwMCwicmVhZCI6OTAwMDAwMDAwMDAwLCJ1cGRhdGUiOjYwMDAwMDAwMDAwMH0sInNjaGVtYV92ZXJzaW9uIjoiMSJ9",
          "dependencies": [
            "aws_customer_gateway.idc",
            "aws_ec2_transit_gateway.main",
            "aws_eip.idc_cgw",
            "aws_vpn_connection.seoul_to_idc",
            "module.idc.aws_security_group.cgw",
            "module.idc.aws_subnet.public_cgw",
            "module.idc.aws_vpc.main"
          ]
        }
      ]
    },
    {
      "module": "module.idc",
      "mode": "managed",
      "type": "aws_instance",
      "name": "db",
      "provider": "provider[\"registry.terraform.io/hashicorp/aws\"].seoul",
      "instances": [
        {
          "schema_version": 1,
          "attributes": {
            "ami": "ami-0c1508b5372d244d7",
            "arn": "arn:aws:ec2:ap-northeast-2:299145660695:instance/i-0a0242627a804ca41",
            "associate_public_ip_address": false,
            "availability_zone": "ap-northeast-2d",
            "capacity_reservation_specification": [
              {
                "capacity_reservation_preference": "open",
                "capacity_reservation_target": []
              }
            ],
            "cpu_core_count": 1,
            "cpu_options": [
              {
                "amd_sev_snp": "",
                "core_count": 1,
                "threads_per_core": 2
              }
            ],
            "cpu_threads_per_core": 2,
            "credit_specification": [
              {
                "cpu_credits": "unlimited"
              }
            ],
            "disable_api_stop": false,
            "disable_api_termination": false,
            "ebs_block_device": [],
            "ebs_optimized": false,
            "enable_primary_ipv6": null,
            "enclave_options": [
              {
                "enabled": false
              }
            ],
            "ephemeral_block_device": [],
            "get_password_data": false,
            "hibernation": false,
            "host_id": "",
            "host_resource_group_arn": null,
            "iam_instance_profile": "",
            "id": "i-0a0242627a804ca41",
            "instance_initiated_shutdown_behavior": "stop",
            "instance_lifecycle": "",
            "instance_market_options": [],
            "instance_state": "running",
            "instance_type": "t3.medium",
            "ipv6_address_count": 0,
            "ipv6_addresses": [],
            "key_name": "cloudupcon",
            "launch_template": [],
            "maintenance_options": [
              {
                "auto_recovery": "default"
              }
            ],
            "metadata_options": [
              {
                "http_endpoint": "enabled",
                "http_protocol_ipv6": "disabled",
                "http_put_response_hop_limit": 2,
                "http_tokens": "required",
                "instance_metadata_tags": "disabled"
              }
            ],
            "monitoring": false,
            "network_interface": [],
            "outpost_arn": "",
            "password_data": "",
            "placement_group": "",
            "placement_partition_number": 0,
            "primary_network_interface_id": "eni-0e40f722d17af5910",
            "private_dns": "ip-10-0-2-128.ap-northeast-2.compute.internal",
            "private_dns_name_options": [
              {
                "enable_resource_name_dns_a_record": false,
                "enable_resource_name_dns_aaaa_record": false,
                "hostname_type": "ip-name"
              }
            ],
            "private_ip": "10.0.2.128",
            "public_dns": "",
            "public_ip": "",
            "root_block_device": [
              {
                "delete_on_termination": true,
                "device_name": "/dev/xvda",
                "encrypted": false,
                "iops": 3000,
                "kms_key_id": "",
                "tags": {},
                "tags_all": {},
                "throughput": 125,
                "volume_id": "vol-0a894009a8c0b846b",
                "volume_size": 8,
                "volume_type": "gp3"
              }
            ],
            "secondary_private_ips": [],
            "security_groups": [],
            "source_dest_check": true,
            "spot_instance_request_id": "",
            "subnet_id": "subnet-0db47ee36e9e57d01",
            "tags": {
              "Name": "idc-db-instance"
            },
            "tags_all": {
              "Name": "idc-db-instance"
            },
            "tenancy": "default",
            "timeouts": null,
            "user_data": "871034a3bdb970b32e70b858ac9ff589d2ff6243",
            "user_data_base64": null,
            "user_data_replace_on_change": false,
            "volume_tags": null,
            "vpc_security_group_ids": [
              "sg-0246c823662ca4b2c"
            ]
          },
          "sensitive_attributes": [],
          "identity_schema_version": 0,
          "private": "eyJlMmJmYjczMC1lY2FhLTExZTYtOGY4OC0zNDM2M2JjN2M0YzAiOnsiY3JlYXRlIjo2MDAwMDAwMDAwMDAsImRlbGV0ZSI6MTIwMDAwMDAwMDAwMCwicmVhZCI6OTAwMDAwMDAwMDAwLCJ1cGRhdGUiOjYwMDAwMDAwMDAwMH0sInNjaGVtYV92ZXJzaW9uIjoiMSJ9",
          "dependencies": [
            "aws_customer_gateway.idc",
            "aws_ec2_transit_gateway.main",
            "aws_eip.idc_cgw",
            "aws_vpn_connection.seoul_to_idc",
            "module.idc.aws_security_group.db",
            "module.idc.aws_subnet.private_db",
            "module.idc.aws_vpc.main"
          ]
        }
      ]
    },
    {
      "module": "module.idc",
      "mode": "managed",
      "type": "aws_internet_gateway",
      "name": "main",
      "provider": "provider[\"registry.terraform.io/hashicorp/aws\"].seoul",
      "instances": [
        {
          "schema_version": 0,
          "attributes": {
            "arn": "arn:aws:ec2:ap-northeast-2:299145660695:internet-gateway/igw-0d0d0722a7d377444",
            "id": "igw-0d0d0722a7d377444",
            "owner_id": "299145660695",
            "tags": {
              "Name": "idc-igw"
            },
            "tags_all": {
              "Name": "idc-igw"
            },
            "timeouts": null,
            "vpc_id": "vpc-05423f75735acfe8b"
          },
          "sensitive_attributes": [],
          "identity_schema_version": 0,
          "private": "eyJlMmJmYjczMC1lY2FhLTExZTYtOGY4OC0zNDM2M2JjN2M0YzAiOnsiY3JlYXRlIjoxMjAwMDAwMDAwMDAwLCJkZWxldGUiOjEyMDAwMDAwMDAwMDAsInVwZGF0ZSI6MTIwMDAwMDAwMDAwMH19",
          "dependencies": [
            "aws_customer_gateway.idc",
            "aws_ec2_transit_gateway.main",
            "aws_eip.idc_cgw",
            "aws_vpn_connection.seoul_to_idc",
            "module.idc.aws_vpc.main"
          ]
        }
      ]
    },
    {
      "module": "module.idc",
      "mode": "managed",
      "type": "aws_route_table",
      "name": "private",
      "provider": "provider[\"registry.terraform.io/hashicorp/aws\"].seoul",
      "instances": [
        {
          "schema_version": 0,
          "attributes": {
            "arn": "arn:aws:ec2:ap-northeast-2:299145660695:route-table/rtb-0f700d320d1c4ec22",
            "id": "rtb-0f700d320d1c4ec22",
            "owner_id": "299145660695",
            "propagating_vgws": [],
            "route": [
              {
                "carrier_gateway_id": "",
                "cidr_block": "0.0.0.0/0",
                "core_network_arn": "",
                "destination_prefix_list_id": "",
                "egress_only_gateway_id": "",
                "gateway_id": "",
                "ipv6_cidr_block": "",
                "local_gateway_id": "",
                "nat_gateway_id": "",
                "network_interface_id": "eni-0fa2acbe473393a3a",
                "transit_gateway_id": "",
                "vpc_endpoint_id": "",
                "vpc_peering_connection_id": ""
              }
            ],
            "tags": {
              "Name": "idc-private-rt"
            },
            "tags_all": {
              "Name": "idc-private-rt"
            },
            "timeouts": null,
            "vpc_id": "vpc-05423f75735acfe8b"
          },
          "sensitive_attributes": [],
          "identity_schema_version": 0,
          "private": "eyJlMmJmYjczMC1lY2FhLTExZTYtOGY4OC0zNDM2M2JjN2M0YzAiOnsiY3JlYXRlIjozMDAwMDAwMDAwMDAsImRlbGV0ZSI6MzAwMDAwMDAwMDAwLCJ1cGRhdGUiOjEyMDAwMDAwMDAwMH19",
          "dependencies": [
            "aws_customer_gateway.idc",
            "aws_ec2_transit_gateway.main",
            "aws_eip.idc_cgw",
            "aws_vpn_connection.seoul_to_idc",
            "module.idc.aws_instance.cgw",
            "module.idc.aws_security_group.cgw",
            "module.idc.aws_subnet.public_cgw",
            "module.idc.aws_vpc.main"
          ]
        }
      ]
    },
    {
      "module": "module.idc",
      "mode": "managed",
      "type": "aws_route_table",
      "name": "public",
      "provider": "provider[\"registry.terraform.io/hashicorp/aws\"].seoul",
      "instances": [
        {
          "schema_version": 0,
          "attributes": {
            "arn": "arn:aws:ec2:ap-northeast-2:299145660695:route-table/rtb-089ad3673b393268a",
            "id": "rtb-089ad3673b393268a",
            "owner_id": "299145660695",
            "propagating_vgws": [],
            "route": [
              {
                "carrier_gateway_id": "",
                "cidr_block": "0.0.0.0/0",
                "core_network_arn": "",
                "destination_prefix_list_id": "",
                "egress_only_gateway_id": "",
                "gateway_id": "igw-0d0d0722a7d377444",
                "ipv6_cidr_block": "",
                "local_gateway_id": "",
                "nat_gateway_id": "",
                "network_interface_id": "",
                "transit_gateway_id": "",
                "vpc_endpoint_id": "",
                "vpc_peering_connection_id": ""
              }
            ],
            "tags": {
              "Name": "idc-public-rt"
            },
            "tags_all": {
              "Name": "idc-public-rt"
            },
            "timeouts": null,
            "vpc_id": "vpc-05423f75735acfe8b"
          },
          "sensitive_attributes": [],
          "identity_schema_version": 0,
          "private": "eyJlMmJmYjczMC1lY2FhLTExZTYtOGY4OC0zNDM2M2JjN2M0YzAiOnsiY3JlYXRlIjozMDAwMDAwMDAwMDAsImRlbGV0ZSI6MzAwMDAwMDAwMDAwLCJ1cGRhdGUiOjEyMDAwMDAwMDAwMH19",
          "dependencies": [
            "aws_customer_gateway.idc",
            "aws_ec2_transit_gateway.main",
            "aws_eip.idc_cgw",
            "aws_vpn_connection.seoul_to_idc",
            "module.idc.aws_internet_gateway.main",
            "module.idc.aws_vpc.main"
          ]
        }
      ]
    },
    {
      "module": "module.idc",
      "mode": "managed",
      "type": "aws_route_table_association",
      "name": "private_db",
      "provider": "provider[\"registry.terraform.io/hashicorp/aws\"].seoul",
      "instances": [
        {
          "schema_version": 0,
          "attributes": {
            "gateway_id": "",
            "id": "rtbassoc-0f7a16aafef7ab844",
            "route_table_id": "rtb-0f700d320d1c4ec22",
            "subnet_id": "subnet-0db47ee36e9e57d01",
            "timeouts": null
          },
          "sensitive_attributes": [],
          "identity_schema_version": 0,
          "private": "eyJlMmJmYjczMC1lY2FhLTExZTYtOGY4OC0zNDM2M2JjN2M0YzAiOnsiY3JlYXRlIjozMDAwMDAwMDAwMDAsImRlbGV0ZSI6MzAwMDAwMDAwMDAwLCJ1cGRhdGUiOjEyMDAwMDAwMDAwMH19",
          "dependencies": [
            "aws_customer_gateway.idc",
            "aws_ec2_transit_gateway.main",
            "aws_eip.idc_cgw",
            "aws_vpn_connection.seoul_to_idc",
            "module.idc.aws_instance.cgw",
            "module.idc.aws_route_table.private",
            "module.idc.aws_security_group.cgw",
            "module.idc.aws_subnet.private_db",
            "module.idc.aws_subnet.public_cgw",
            "module.idc.aws_vpc.main"
          ]
        }
      ]
    },
    {
      "module": "module.idc",
      "mode": "managed",
      "type": "aws_route_table_association",
      "name": "public_cgw",
      "provider": "provider[\"registry.terraform.io/hashicorp/aws\"].seoul",
      "instances": [
        {
          "schema_version": 0,
          "attributes": {
            "gateway_id": "",
            "id": "rtbassoc-038278f4c9d917b89",
            "route_table_id": "rtb-089ad3673b393268a",
            "subnet_id": "subnet-026bf63bd4213c4fa",
            "timeouts": null
          },
          "sensitive_attributes": [],
          "identity_schema_version": 0,
          "private": "eyJlMmJmYjczMC1lY2FhLTExZTYtOGY4OC0zNDM2M2JjN2M0YzAiOnsiY3JlYXRlIjozMDAwMDAwMDAwMDAsImRlbGV0ZSI6MzAwMDAwMDAwMDAwLCJ1cGRhdGUiOjEyMDAwMDAwMDAwMH19",
          "dependencies": [
            "aws_customer_gateway.idc",
            "aws_ec2_transit_gateway.main",
            "aws_eip.idc_cgw",
            "aws_vpn_connection.seoul_to_idc",
            "module.idc.aws_internet_gateway.main",
            "module.idc.aws_route_table.public",
            "module.idc.aws_subnet.public_cgw",
            "module.idc.aws_vpc.main"
          ]
        }
      ]
    },
    {
      "module": "module.idc",
      "mode": "managed",
      "type": "aws_security_group",
      "name": "cgw",
      "provider": "provider[\"registry.terraform.io/hashicorp/aws\"].seoul",
      "instances": [
        {
          "schema_version": 1,
          "attributes": {
            "arn": "arn:aws:ec2:ap-northeast-2:299145660695:security-group/sg-0a082a1298701146c",
            "description": "Security group for CGW instance",
            "egress": [
              {
                "cidr_blocks": [
                  "0.0.0.0/0"
                ],
                "description": "",
                "from_port": 0,
                "ipv6_cidr_blocks": [],
                "prefix_list_ids": [],
                "protocol": "-1",
                "security_groups": [],
                "self": false,
                "to_port": 0
              }
            ],
            "id": "sg-0a082a1298701146c",
            "ingress": [
              {
                "cidr_blocks": [
                  "0.0.0.0/0"
                ],
                "description": "",
                "from_port": -1,
                "ipv6_cidr_blocks": [],
                "prefix_list_ids": [],
                "protocol": "icmp",
                "security_groups": [],
                "self": false,
                "to_port": -1
              },
              {
                "cidr_blocks": [
                  "0.0.0.0/0"
                ],
                "description": "",
                "from_port": 0,
                "ipv6_cidr_blocks": [],
                "prefix_list_ids": [],
                "protocol": "50",
                "security_groups": [],
                "self": false,
                "to_port": 0
              },
              {
                "cidr_blocks": [
                  "0.0.0.0/0"
                ],
                "description": "",
                "from_port": 22,
                "ipv6_cidr_blocks": [],
                "prefix_list_ids": [],
                "protocol": "tcp",
                "security_groups": [],
                "self": false,
                "to_port": 22
              },
              {
                "cidr_blocks": [
                  "0.0.0.0/0"
                ],
                "description": "",
                "from_port": 4500,
                "ipv6_cidr_blocks": [],
                "prefix_list_ids": [],
                "protocol": "udp",
                "security_groups": [],
                "self": false,
                "to_port": 4500
              },
              {
                "cidr_blocks": [
                  "0.0.0.0/0"
                ],
                "description": "",
                "from_port": 500,
                "ipv6_cidr_blocks": [],
                "prefix_list_ids": [],
                "protocol": "udp",
                "security_groups": [],
                "self": false,
                "to_port": 500
              }
            ],
            "name": "idc-cgw-sg",
            "name_prefix": "",
            "owner_id": "299145660695",
            "revoke_rules_on_delete": false,
            "tags": {
              "Name": "idc-cgw-sg"
            },
            "tags_all": {
              "Name": "idc-cgw-sg"
            },
            "timeouts": null,
            "vpc_id": "vpc-05423f75735acfe8b"
          },
          "sensitive_attributes": [],
          "identity_schema_version": 0,
          "private": "eyJlMmJmYjczMC1lY2FhLTExZTYtOGY4OC0zNDM2M2JjN2M0YzAiOnsiY3JlYXRlIjo2MDAwMDAwMDAwMDAsImRlbGV0ZSI6OTAwMDAwMDAwMDAwfSwic2NoZW1hX3ZlcnNpb24iOiIxIn0=",
          "dependencies": [
            "aws_customer_gateway.idc",
            "aws_ec2_transit_gateway.main",
            "aws_eip.idc_cgw",
            "aws_vpn_connection.seoul_to_idc",
            "module.idc.aws_vpc.main"
          ]
        }
      ]
    },
    {
      "module": "module.idc",
      "mode": "managed",
      "type": "aws_security_group",
      "name": "db",
      "provider": "provider[\"registry.terraform.io/hashicorp/aws\"].seoul",
      "instances": [
        {
          "schema_version": 1,
          "attributes": {
            "arn": "arn:aws:ec2:ap-northeast-2:299145660695:security-group/sg-0246c823662ca4b2c",
            "description": "Security group for DB instance",
            "egress": [
              {
                "cidr_blocks": [
                  "0.0.0.0/0"
                ],
                "description": "",
                "from_port": 0,
                "ipv6_cidr_blocks": [],
                "prefix_list_ids": [],
                "protocol": "-1",
                "security_groups": [],
                "self": false,
                "to_port": 0
              }
            ],
            "id": "sg-0246c823662ca4b2c",
            "ingress": [
              {
                "cidr_blocks": [
                  "10.0.0.0/16",
                  "20.0.0.0/16"
                ],
                "description": "ICMP from VPC and AWS VPC",
                "from_port": -1,
                "ipv6_cidr_blocks": [],
                "prefix_list_ids": [],
                "protocol": "icmp",
                "security_groups": [],
                "self": false,
                "to_port": -1
              },
              {
                "cidr_blocks": [
                  "10.0.0.0/16",
                  "20.0.0.0/16"
                ],
                "description": "MySQL from VPC and AWS VPC",
                "from_port": 3306,
                "ipv6_cidr_blocks": [],
                "prefix_list_ids": [],
                "protocol": "tcp",
                "security_groups": [],
                "self": false,
                "to_port": 3306
              },
              {
                "cidr_blocks": [
                  "10.0.0.0/16"
                ],
                "description": "SSH from VPC",
                "from_port": 22,
                "ipv6_cidr_blocks": [],
                "prefix_list_ids": [],
                "protocol": "tcp",
                "security_groups": [],
                "self": false,
                "to_port": 22
              }
            ],
            "name": "idc-db-sg",
            "name_prefix": "",
            "owner_id": "299145660695",
            "revoke_rules_on_delete": false,
            "tags": {
              "Name": "idc-db-sg"
            },
            "tags_all": {
              "Name": "idc-db-sg"
            },
            "timeouts": null,
            "vpc_id": "vpc-05423f75735acfe8b"
          },
          "sensitive_attributes": [],
          "identity_schema_version": 0,
          "private": "eyJlMmJmYjczMC1lY2FhLTExZTYtOGY4OC0zNDM2M2JjN2M0YzAiOnsiY3JlYXRlIjo2MDAwMDAwMDAwMDAsImRlbGV0ZSI6OTAwMDAwMDAwMDAwfSwic2NoZW1hX3ZlcnNpb24iOiIxIn0=",
          "dependencies": [
            "aws_customer_gateway.idc",
            "aws_ec2_transit_gateway.main",
            "aws_eip.idc_cgw",
            "aws_vpn_connection.seoul_to_idc",
            "module.idc.aws_vpc.main"
          ]
        }
      ]
    },
    {
      "module": "module.idc",
      "mode": "managed",
      "type": "aws_subnet",
      "name": "private_db",
      "provider": "provider[\"registry.terraform.io/hashicorp/aws\"].seoul",
      "instances": [
        {
          "schema_version": 1,
          "attributes": {
            "arn": "arn:aws:ec2:ap-northeast-2:299145660695:subnet/subnet-0db47ee36e9e57d01",
            "assign_ipv6_address_on_creation": false,
            "availability_zone": "ap-northeast-2d",
            "availability_zone_id": "apne2-az4",
            "cidr_block": "10.0.2.0/24",
            "customer_owned_ipv4_pool": "",
            "enable_dns64": false,
            "enable_lni_at_device_index": 0,
            "enable_resource_name_dns_a_record_on_launch": false,
            "enable_resource_name_dns_aaaa_record_on_launch": false,
            "id": "subnet-0db47ee36e9e57d01",
            "ipv6_cidr_block": "",
            "ipv6_cidr_block_association_id": "",
            "ipv6_native": false,
            "map_customer_owned_ip_on_launch": false,
            "map_public_ip_on_launch": false,
            "outpost_arn": "",
            "owner_id": "299145660695",
            "private_dns_hostname_type_on_launch": "ip-name",
            "tags": {
              "Name": "idc-private-db"
            },
            "tags_all": {
              "Name": "idc-private-db"
            },
            "timeouts": null,
            "vpc_id": "vpc-05423f75735acfe8b"
          },
          "sensitive_attributes": [],
          "identity_schema_version": 0,
          "private": "eyJlMmJmYjczMC1lY2FhLTExZTYtOGY4OC0zNDM2M2JjN2M0YzAiOnsiY3JlYXRlIjo2MDAwMDAwMDAwMDAsImRlbGV0ZSI6MTIwMDAwMDAwMDAwMH0sInNjaGVtYV92ZXJzaW9uIjoiMSJ9",
          "dependencies": [
            "aws_customer_gateway.idc",
            "aws_ec2_transit_gateway.main",
            "aws_eip.idc_cgw",
            "aws_vpn_connection.seoul_to_idc",
            "module.idc.aws_vpc.main"
          ]
        }
      ]
    },
    {
      "module": "module.idc",
      "mode": "managed",
      "type": "aws_subnet",
      "name": "public_cgw",
      "provider": "provider[\"registry.terraform.io/hashicorp/aws\"].seoul",
      "instances": [
        {
          "schema_version": 1,
          "attributes": {
            "arn": "arn:aws:ec2:ap-northeast-2:299145660695:subnet/subnet-026bf63bd4213c4fa",
            "assign_ipv6_address_on_creation": false,
            "availability_zone": "ap-northeast-2d",
            "availability_zone_id": "apne2-az4",
            "cidr_block": "10.0.1.0/24",
            "customer_owned_ipv4_pool": "",
            "enable_dns64": false,
            "enable_lni_at_device_index": 0,
            "enable_resource_name_dns_a_record_on_launch": false,
            "enable_resource_name_dns_aaaa_record_on_launch": false,
            "id": "subnet-026bf63bd4213c4fa",
            "ipv6_cidr_block": "",
            "ipv6_cidr_block_association_id": "",
            "ipv6_native": false,
            "map_customer_owned_ip_on_launch": false,
            "map_public_ip_on_launch": true,
            "outpost_arn": "",
            "owner_id": "299145660695",
            "private_dns_hostname_type_on_launch": "ip-name",
            "tags": {
              "Name": "idc-public-cgw"
            },
            "tags_all": {
              "Name": "idc-public-cgw"
            },
            "timeouts": null,
            "vpc_id": "vpc-05423f75735acfe8b"
          },
          "sensitive_attributes": [],
          "identity_schema_version": 0,
          "private": "eyJlMmJmYjczMC1lY2FhLTExZTYtOGY4OC0zNDM2M2JjN2M0YzAiOnsiY3JlYXRlIjo2MDAwMDAwMDAwMDAsImRlbGV0ZSI6MTIwMDAwMDAwMDAwMH0sInNjaGVtYV92ZXJzaW9uIjoiMSJ9",
          "dependencies": [
            "aws_customer_gateway.idc",
            "aws_ec2_transit_gateway.main",
            "aws_eip.idc_cgw",
            "aws_vpn_connection.seoul_to_idc",
            "module.idc.aws_vpc.main"
          ]
        }
      ]
    },
    {
      "module": "module.idc",
      "mode": "managed",
      "type": "aws_vpc",
      "name": "main",
      "provider": "provider[\"registry.terraform.io/hashicorp/aws\"].seoul",
      "instances": [
        {
          "schema_version": 1,
          "attributes": {
            "arn": "arn:aws:ec2:ap-northeast-2:299145660695:vpc/vpc-05423f75735acfe8b",
            "assign_generated_ipv6_cidr_block": false,
            "cidr_block": "10.0.0.0/16",
            "default_network_acl_id": "acl-04be1525f00ae8316",
            "default_route_table_id": "rtb-0806d2e2d966a5471",
            "default_security_group_id": "sg-0a0a3901da3a2d0c5",
            "dhcp_options_id": "dopt-0d7105e8da60a4bf5",
            "enable_dns_hostnames": true,
            "enable_dns_support": true,
            "enable_network_address_usage_metrics": false,
            "id": "vpc-05423f75735acfe8b",
            "instance_tenancy": "default",
            "ipv4_ipam_pool_id": null,
            "ipv4_netmask_length": null,
            "ipv6_association_id": "",
            "ipv6_cidr_block": "",
            "ipv6_cidr_block_network_border_group": "",
            "ipv6_ipam_pool_id": "",
            "ipv6_netmask_length": 0,
            "main_route_table_id": "rtb-0806d2e2d966a5471",
            "owner_id": "299145660695",
            "tags": {
              "Name": "idc-vpc"
            },
            "tags_all": {
              "Name": "idc-vpc"
            }
          },
          "sensitive_attributes": [],
          "identity_schema_version": 0,
          "private": "eyJzY2hlbWFfdmVyc2lvbiI6IjEifQ==",
          "dependencies": [
            "aws_customer_gateway.idc",
            "aws_ec2_transit_gateway.main",
            "aws_eip.idc_cgw",
            "aws_vpn_connection.seoul_to_idc"
          ]
        }
      ]
    },
    {
      "module": "module.seoul",
      "mode": "managed",
      "type": "aws_eip",
      "name": "nat",
      "provider": "provider[\"registry.terraform.io/hashicorp/aws\"].seoul",
      "instances": [
        {
          "index_key": 0,
          "schema_version": 0,
          "attributes": {
            "address": null,
            "allocation_id": "eipalloc-02df4f4338b8f9000",
            "arn": "arn:aws:ec2:ap-northeast-2:299145660695:elastic-ip/eipalloc-02df4f4338b8f9000",
            "associate_with_private_ip": null,
            "association_id": "",
            "carrier_ip": "",
            "customer_owned_ip": "",
            "customer_owned_ipv4_pool": "",
            "domain": "vpc",
            "id": "eipalloc-02df4f4338b8f9000",
            "instance": "",
            "ipam_pool_id": null,
            "network_border_group": "ap-northeast-2",
            "network_interface": "",
            "private_dns": null,
            "private_ip": "",
            "ptr_record": "",
            "public_dns": "ec2-15-165-63-78.ap-northeast-2.compute.amazonaws.com",
            "public_ip": "15.165.63.78",
            "public_ipv4_pool": "amazon",
            "tags": {
              "Name": "seoul-nat-eip-1"
            },
            "tags_all": {
              "Name": "seoul-nat-eip-1"
            },
            "timeouts": null,
            "vpc": true
          },
          "sensitive_attributes": [],
          "identity_schema_version": 0,
          "private": "eyJlMmJmYjczMC1lY2FhLTExZTYtOGY4OC0zNDM2M2JjN2M0YzAiOnsiZGVsZXRlIjoxODAwMDAwMDAwMDAsInJlYWQiOjkwMDAwMDAwMDAwMCwidXBkYXRlIjozMDAwMDAwMDAwMDB9fQ=="
        },
        {
          "index_key": 1,
          "schema_version": 0,
          "attributes": {
            "address": null,
            "allocation_id": "eipalloc-09ecce9e191570ed7",
            "arn": "arn:aws:ec2:ap-northeast-2:299145660695:elastic-ip/eipalloc-09ecce9e191570ed7",
            "associate_with_private_ip": null,
            "association_id": "",
            "carrier_ip": "",
            "customer_owned_ip": "",
            "customer_owned_ipv4_pool": "",
            "domain": "vpc",
            "id": "eipalloc-09ecce9e191570ed7",
            "instance": "",
            "ipam_pool_id": null,
            "network_border_group": "ap-northeast-2",
            "network_interface": "",
            "private_dns": null,
            "private_ip": "",
            "ptr_record": "",
            "public_dns": "ec2-15-165-153-198.ap-northeast-2.compute.amazonaws.com",
            "public_ip": "15.165.153.198",
            "public_ipv4_pool": "amazon",
            "tags": {
              "Name": "seoul-nat-eip-2"
            },
            "tags_all": {
              "Name": "seoul-nat-eip-2"
            },
            "timeouts": null,
            "vpc": true
          },
          "sensitive_attributes": [],
          "identity_schema_version": 0,
          "private": "eyJlMmJmYjczMC1lY2FhLTExZTYtOGY4OC0zNDM2M2JjN2M0YzAiOnsiZGVsZXRlIjoxODAwMDAwMDAwMDAsInJlYWQiOjkwMDAwMDAwMDAwMCwidXBkYXRlIjozMDAwMDAwMDAwMDB9fQ=="
        }
      ]
    },
    {
      "module": "module.seoul",
      "mode": "managed",
      "type": "aws_internet_gateway",
      "name": "main",
      "provider": "provider[\"registry.terraform.io/hashicorp/aws\"].seoul",
      "instances": [
        {
          "schema_version": 0,
          "attributes": {
            "arn": "arn:aws:ec2:ap-northeast-2:299145660695:internet-gateway/igw-053584ba7319318e5",
            "id": "igw-053584ba7319318e5",
            "owner_id": "299145660695",
            "tags": {
              "Name": "seoul-igw"
            },
            "tags_all": {
              "Name": "seoul-igw"
            },
            "timeouts": null,
            "vpc_id": "vpc-0f10074e7fe0fdde1"
          },
          "sensitive_attributes": [],
          "identity_schema_version": 0,
          "private": "eyJlMmJmYjczMC1lY2FhLTExZTYtOGY4OC0zNDM2M2JjN2M0YzAiOnsiY3JlYXRlIjoxMjAwMDAwMDAwMDAwLCJkZWxldGUiOjEyMDAwMDAwMDAwMDAsInVwZGF0ZSI6MTIwMDAwMDAwMDAwMH19",
          "dependencies": [
            "module.seoul.aws_vpc.main"
          ]
        }
      ]
    },
    {
      "module": "module.seoul",
      "mode": "managed",
      "type": "aws_nat_gateway",
      "name": "main",
      "provider": "provider[\"registry.terraform.io/hashicorp/aws\"].seoul",
      "instances": [
        {
          "index_key": 0,
          "schema_version": 0,
          "attributes": {
            "allocation_id": "eipalloc-02df4f4338b8f9000",
            "association_id": "eipassoc-0691a0806f0df22be",
            "connectivity_type": "public",
            "id": "nat-09c6ce11764e6bae2",
            "network_interface_id": "eni-00b32e7893d58f028",
            "private_ip": "20.0.1.57",
            "public_ip": "15.165.63.78",
            "secondary_allocation_ids": null,
            "secondary_private_ip_address_count": 0,
            "secondary_private_ip_addresses": [],
            "subnet_id": "subnet-081bc1a0cab2c02af",
            "tags": {
              "Name": "seoul-nat-1"
            },
            "tags_all": {
              "Name": "seoul-nat-1"
            },
            "timeouts": null
          },
          "sensitive_attributes": [],
          "identity_schema_version": 0,
          "private": "eyJlMmJmYjczMC1lY2FhLTExZTYtOGY4OC0zNDM2M2JjN2M0YzAiOnsiY3JlYXRlIjo2MDAwMDAwMDAwMDAsImRlbGV0ZSI6MTgwMDAwMDAwMDAwMCwidXBkYXRlIjo2MDAwMDAwMDAwMDB9fQ==",
          "dependencies": [
            "module.seoul.aws_eip.nat",
            "module.seoul.aws_internet_gateway.main",
            "module.seoul.aws_subnet.public_nat",
            "module.seoul.aws_vpc.main"
          ]
        },
        {
          "index_key": 1,
          "schema_version": 0,
          "attributes": {
            "allocation_id": "eipalloc-09ecce9e191570ed7",
            "association_id": "eipassoc-0d6a62e8f19e5770e",
            "connectivity_type": "public",
            "id": "nat-02a36db77ca151baa",
            "network_interface_id": "eni-005428a05c0301367",
            "private_ip": "20.0.2.54",
            "public_ip": "15.165.153.198",
            "secondary_allocation_ids": null,
            "secondary_private_ip_address_count": 0,
            "secondary_private_ip_addresses": [],
            "subnet_id": "subnet-0abb6e30ac00be09b",
            "tags": {
              "Name": "seoul-nat-2"
            },
            "tags_all": {
              "Name": "seoul-nat-2"
            },
            "timeouts": null
          },
          "sensitive_attributes": [],
          "identity_schema_version": 0,
          "private": "eyJlMmJmYjczMC1lY2FhLTExZTYtOGY4OC0zNDM2M2JjN2M0YzAiOnsiY3JlYXRlIjo2MDAwMDAwMDAwMDAsImRlbGV0ZSI6MTgwMDAwMDAwMDAwMCwidXBkYXRlIjo2MDAwMDAwMDAwMDB9fQ==",
          "dependencies": [
            "module.seoul.aws_eip.nat",
            "module.seoul.aws_internet_gateway.main",
            "module.seoul.aws_subnet.public_nat",
            "module.seoul.aws_vpc.main"
          ]
        }
      ]
    },
    {
      "module": "module.seoul",
      "mode": "managed",
      "type": "aws_route",
      "name": "private_to_idc",
      "provider": "provider[\"registry.terraform.io/hashicorp/aws\"].seoul",
      "instances": [
        {
          "schema_version": 0,
          "attributes": {
            "carrier_gateway_id": "",
            "core_network_arn": "",
            "destination_cidr_block": "10.0.0.0/16",
            "destination_ipv6_cidr_block": "",
            "destination_prefix_list_id": "",
            "egress_only_gateway_id": "",
            "gateway_id": "",
            "id": "r-rtb-0a2350cdeed52eee8179966490",
            "instance_id": "",
            "instance_owner_id": "",
            "local_gateway_id": "",
            "nat_gateway_id": "",
            "network_interface_id": "",
            "origin": "CreateRoute",
            "route_table_id": "rtb-0a2350cdeed52eee8",
            "state": "active",
            "timeouts": null,
            "transit_gateway_id": "tgw-0d10c6b066b0c1743",
            "vpc_endpoint_id": "",
            "vpc_peering_connection_id": ""
          },
          "sensitive_attributes": [],
          "identity_schema_version": 0,
          "private": "eyJlMmJmYjczMC1lY2FhLTExZTYtOGY4OC0zNDM2M2JjN2M0YzAiOnsiY3JlYXRlIjozMDAwMDAwMDAwMDAsImRlbGV0ZSI6MzAwMDAwMDAwMDAwLCJ1cGRhdGUiOjEyMDAwMDAwMDAwMH19",
          "dependencies": [
            "aws_ec2_transit_gateway.main",
            "module.seoul.aws_eip.nat",
            "module.seoul.aws_internet_gateway.main",
            "module.seoul.aws_nat_gateway.main",
            "module.seoul.aws_route_table.private_beanstalk",
            "module.seoul.aws_subnet.public_nat",
            "module.seoul.aws_vpc.main"
          ]
        }
      ]
    },
    {
      "module": "module.seoul",
      "mode": "managed",
      "type": "aws_route_table",
      "name": "private_beanstalk",
      "provider": "provider[\"registry.terraform.io/hashicorp/aws\"].seoul",
      "instances": [
        {
          "schema_version": 0,
          "attributes": {
            "arn": "arn:aws:ec2:ap-northeast-2:299145660695:route-table/rtb-0a2350cdeed52eee8",
            "id": "rtb-0a2350cdeed52eee8",
            "owner_id": "299145660695",
            "propagating_vgws": [],
            "route": [
              {
                "carrier_gateway_id": "",
                "cidr_block": "0.0.0.0/0",
                "core_network_arn": "",
                "destination_prefix_list_id": "",
                "egress_only_gateway_id": "",
                "gateway_id": "",
                "ipv6_cidr_block": "",
                "local_gateway_id": "",
                "nat_gateway_id": "nat-09c6ce11764e6bae2",
                "network_interface_id": "",
                "transit_gateway_id": "",
                "vpc_endpoint_id": "",
                "vpc_peering_connection_id": ""
              }
            ],
            "tags": {
              "Name": "seoul-private-beanstalk-rt"
            },
            "tags_all": {
              "Name": "seoul-private-beanstalk-rt"
            },
            "timeouts": null,
            "vpc_id": "vpc-0f10074e7fe0fdde1"
          },
          "sensitive_attributes": [],
          "identity_schema_version": 0,
          "private": "eyJlMmJmYjczMC1lY2FhLTExZTYtOGY4OC0zNDM2M2JjN2M0YzAiOnsiY3JlYXRlIjozMDAwMDAwMDAwMDAsImRlbGV0ZSI6MzAwMDAwMDAwMDAwLCJ1cGRhdGUiOjEyMDAwMDAwMDAwMH19",
          "dependencies": [
            "module.seoul.aws_eip.nat",
            "module.seoul.aws_internet_gateway.main",
            "module.seoul.aws_nat_gateway.main",
            "module.seoul.aws_subnet.public_nat",
            "module.seoul.aws_vpc.main"
          ]
        }
      ]
    },
    {
      "module": "module.seoul",
      "mode": "managed",
      "type": "aws_route_table",
      "name": "public",
      "provider": "provider[\"registry.terraform.io/hashicorp/aws\"].seoul",
      "instances": [
        {
          "schema_version": 0,
          "attributes": {
            "arn": "arn:aws:ec2:ap-northeast-2:299145660695:route-table/rtb-05aa74464d3376ce2",
            "id": "rtb-05aa74464d3376ce2",
            "owner_id": "299145660695",
            "propagating_vgws": [],
            "route": [
              {
                "carrier_gateway_id": "",
                "cidr_block": "0.0.0.0/0",
                "core_network_arn": "",
                "destination_prefix_list_id": "",
                "egress_only_gateway_id": "",
                "gateway_id": "igw-053584ba7319318e5",
                "ipv6_cidr_block": "",
                "local_gateway_id": "",
                "nat_gateway_id": "",
                "network_interface_id": "",
                "transit_gateway_id": "",
                "vpc_endpoint_id": "",
                "vpc_peering_connection_id": ""
              }
            ],
            "tags": {
              "Name": "seoul-public-rt"
            },
            "tags_all": {
              "Name": "seoul-public-rt"
            },
            "timeouts": null,
            "vpc_id": "vpc-0f10074e7fe0fdde1"
          },
          "sensitive_attributes": [],
          "identity_schema_version": 0,
          "private": "eyJlMmJmYjczMC1lY2FhLTExZTYtOGY4OC0zNDM2M2JjN2M0YzAiOnsiY3JlYXRlIjozMDAwMDAwMDAwMDAsImRlbGV0ZSI6MzAwMDAwMDAwMDAwLCJ1cGRhdGUiOjEyMDAwMDAwMDAwMH19",
          "dependencies": [
            "module.seoul.aws_internet_gateway.main",
            "module.seoul.aws_vpc.main"
          ]
        }
      ]
    },
    {
      "module": "module.seoul",
      "mode": "managed",
      "type": "aws_route_table",
      "name": "tgw",
      "provider": "provider[\"registry.terraform.io/hashicorp/aws\"].seoul",
      "instances": [
        {
          "schema_version": 0,
          "attributes": {
            "arn": "arn:aws:ec2:ap-northeast-2:299145660695:route-table/rtb-0771be8e7e085f401",
            "id": "rtb-0771be8e7e085f401",
            "owner_id": "299145660695",
            "propagating_vgws": [],
            "route": [],
            "tags": {
              "Name": "seoul-tgw-rt"
            },
            "tags_all": {
              "Name": "seoul-tgw-rt"
            },
            "timeouts": null,
            "vpc_id": "vpc-0f10074e7fe0fdde1"
          },
          "sensitive_attributes": [],
          "identity_schema_version": 0,
          "private": "eyJlMmJmYjczMC1lY2FhLTExZTYtOGY4OC0zNDM2M2JjN2M0YzAiOnsiY3JlYXRlIjozMDAwMDAwMDAwMDAsImRlbGV0ZSI6MzAwMDAwMDAwMDAwLCJ1cGRhdGUiOjEyMDAwMDAwMDAwMH19",
          "dependencies": [
            "module.seoul.aws_vpc.main"
          ]
        }
      ]
    },
    {
      "module": "module.seoul",
      "mode": "managed",
      "type": "aws_route_table_association",
      "name": "private_beanstalk",
      "provider": "provider[\"registry.terraform.io/hashicorp/aws\"].seoul",
      "instances": [
        {
          "index_key": 0,
          "schema_version": 0,
          "attributes": {
            "gateway_id": "",
            "id": "rtbassoc-0f5c85dbbb95b79de",
            "route_table_id": "rtb-0a2350cdeed52eee8",
            "subnet_id": "subnet-09ca5bf59eab4a46d",
            "timeouts": null
          },
          "sensitive_attributes": [],
          "identity_schema_version": 0,
          "private": "eyJlMmJmYjczMC1lY2FhLTExZTYtOGY4OC0zNDM2M2JjN2M0YzAiOnsiY3JlYXRlIjozMDAwMDAwMDAwMDAsImRlbGV0ZSI6MzAwMDAwMDAwMDAwLCJ1cGRhdGUiOjEyMDAwMDAwMDAwMH19",
          "dependencies": [
            "module.seoul.aws_eip.nat",
            "module.seoul.aws_internet_gateway.main",
            "module.seoul.aws_nat_gateway.main",
            "module.seoul.aws_route_table.private_beanstalk",
            "module.seoul.aws_subnet.private_beanstalk",
            "module.seoul.aws_subnet.public_nat",
            "module.seoul.aws_vpc.main"
          ]
        },
        {
          "index_key": 1,
          "schema_version": 0,
          "attributes": {
            "gateway_id": "",
            "id": "rtbassoc-0e70e4be1a3fffa4f",
            "route_table_id": "rtb-0a2350cdeed52eee8",
            "subnet_id": "subnet-0f79754b4cc788b26",
            "timeouts": null
          },
          "sensitive_attributes": [],
          "identity_schema_version": 0,
          "private": "eyJlMmJmYjczMC1lY2FhLTExZTYtOGY4OC0zNDM2M2JjN2M0YzAiOnsiY3JlYXRlIjozMDAwMDAwMDAwMDAsImRlbGV0ZSI6MzAwMDAwMDAwMDAwLCJ1cGRhdGUiOjEyMDAwMDAwMDAwMH19",
          "dependencies": [
            "module.seoul.aws_eip.nat",
            "module.seoul.aws_internet_gateway.main",
            "module.seoul.aws_nat_gateway.main",
            "module.seoul.aws_route_table.private_beanstalk",
            "module.seoul.aws_subnet.private_beanstalk",
            "module.seoul.aws_subnet.public_nat",
            "module.seoul.aws_vpc.main"
          ]
        }
      ]
    },
    {
      "module": "module.seoul",
      "mode": "managed",
      "type": "aws_route_table_association",
      "name": "public_nat",
      "provider": "provider[\"registry.terraform.io/hashicorp/aws\"].seoul",
      "instances": [
        {
          "index_key": 0,
          "schema_version": 0,
          "attributes": {
            "gateway_id": "",
            "id": "rtbassoc-0fa3e58f2e39db556",
            "route_table_id": "rtb-05aa74464d3376ce2",
            "subnet_id": "subnet-081bc1a0cab2c02af",
            "timeouts": null
          },
          "sensitive_attributes": [],
          "identity_schema_version": 0,
          "private": "eyJlMmJmYjczMC1lY2FhLTExZTYtOGY4OC0zNDM2M2JjN2M0YzAiOnsiY3JlYXRlIjozMDAwMDAwMDAwMDAsImRlbGV0ZSI6MzAwMDAwMDAwMDAwLCJ1cGRhdGUiOjEyMDAwMDAwMDAwMH19",
          "dependencies": [
            "module.seoul.aws_internet_gateway.main",
            "module.seoul.aws_route_table.public",
            "module.seoul.aws_subnet.public_nat",
            "module.seoul.aws_vpc.main"
          ]
        },
        {
          "index_key": 1,
          "schema_version": 0,
          "attributes": {
            "gateway_id": "",
            "id": "rtbassoc-02b1a469764e14dd1",
            "route_table_id": "rtb-05aa74464d3376ce2",
            "subnet_id": "subnet-0abb6e30ac00be09b",
            "timeouts": null
          },
          "sensitive_attributes": [],
          "identity_schema_version": 0,
          "private": "eyJlMmJmYjczMC1lY2FhLTExZTYtOGY4OC0zNDM2M2JjN2M0YzAiOnsiY3JlYXRlIjozMDAwMDAwMDAwMDAsImRlbGV0ZSI6MzAwMDAwMDAwMDAwLCJ1cGRhdGUiOjEyMDAwMDAwMDAwMH19",
          "dependencies": [
            "module.seoul.aws_internet_gateway.main",
            "module.seoul.aws_route_table.public",
            "module.seoul.aws_subnet.public_nat",
            "module.seoul.aws_vpc.main"
          ]
        }
      ]
    },
    {
      "module": "module.seoul",
      "mode": "managed",
      "type": "aws_route_table_association",
      "name": "tgw",
      "provider": "provider[\"registry.terraform.io/hashicorp/aws\"].seoul",
      "instances": [
        {
          "schema_version": 0,
          "attributes": {
            "gateway_id": "",
            "id": "rtbassoc-0475cb4c17d105682",
            "route_table_id": "rtb-0771be8e7e085f401",
            "subnet_id": "subnet-0e3f390f1438ae3bd",
            "timeouts": null
          },
          "sensitive_attributes": [],
          "identity_schema_version": 0,
          "private": "eyJlMmJmYjczMC1lY2FhLTExZTYtOGY4OC0zNDM2M2JjN2M0YzAiOnsiY3JlYXRlIjozMDAwMDAwMDAwMDAsImRlbGV0ZSI6MzAwMDAwMDAwMDAwLCJ1cGRhdGUiOjEyMDAwMDAwMDAwMH19",
          "dependencies": [
            "module.seoul.aws_route_table.tgw",
            "module.seoul.aws_subnet.tgw",
            "module.seoul.aws_vpc.main"
          ]
        }
      ]
    },
    {
      "module": "module.seoul",
      "mode": "managed",
      "type": "aws_route_table_association",
      "name": "vpn_gateway",
      "provider": "provider[\"registry.terraform.io/hashicorp/aws\"].seoul",
      "instances": [
        {
          "schema_version": 0,
          "attributes": {
            "gateway_id": "",
            "id": "rtbassoc-0db6929d55de27dd2",
            "route_table_id": "rtb-05aa74464d3376ce2",
            "subnet_id": "subnet-0ff6aca41ce75b07b",
            "timeouts": null
          },
          "sensitive_attributes": [],
          "identity_schema_version": 0,
          "private": "eyJlMmJmYjczMC1lY2FhLTExZTYtOGY4OC0zNDM2M2JjN2M0YzAiOnsiY3JlYXRlIjozMDAwMDAwMDAwMDAsImRlbGV0ZSI6MzAwMDAwMDAwMDAwLCJ1cGRhdGUiOjEyMDAwMDAwMDAwMH19",
          "dependencies": [
            "module.seoul.aws_internet_gateway.main",
            "module.seoul.aws_route_table.public",
            "module.seoul.aws_subnet.vpn_gateway",
            "module.seoul.aws_vpc.main"
          ]
        }
      ]
    },
    {
      "module": "module.seoul",
      "mode": "managed",
      "type": "aws_subnet",
      "name": "private_beanstalk",
      "provider": "provider[\"registry.terraform.io/hashicorp/aws\"].seoul",
      "instances": [
        {
          "index_key": 0,
          "schema_version": 1,
          "attributes": {
            "arn": "arn:aws:ec2:ap-northeast-2:299145660695:subnet/subnet-09ca5bf59eab4a46d",
            "assign_ipv6_address_on_creation": false,
            "availability_zone": "ap-northeast-2a",
            "availability_zone_id": "apne2-az1",
            "cidr_block": "20.0.10.0/24",
            "customer_owned_ipv4_pool": "",
            "enable_dns64": false,
            "enable_lni_at_device_index": 0,
            "enable_resource_name_dns_a_record_on_launch": false,
            "enable_resource_name_dns_aaaa_record_on_launch": false,
            "id": "subnet-09ca5bf59eab4a46d",
            "ipv6_cidr_block": "",
            "ipv6_cidr_block_association_id": "",
            "ipv6_native": false,
            "map_customer_owned_ip_on_launch": false,
            "map_public_ip_on_launch": false,
            "outpost_arn": "",
            "owner_id": "299145660695",
            "private_dns_hostname_type_on_launch": "ip-name",
            "tags": {
              "Name": "seoul-private-beanstalk-1"
            },
            "tags_all": {
              "Name": "seoul-private-beanstalk-1"
            },
            "timeouts": null,
            "vpc_id": "vpc-0f10074e7fe0fdde1"
          },
          "sensitive_attributes": [],
          "identity_schema_version": 0,
          "private": "eyJlMmJmYjczMC1lY2FhLTExZTYtOGY4OC0zNDM2M2JjN2M0YzAiOnsiY3JlYXRlIjo2MDAwMDAwMDAwMDAsImRlbGV0ZSI6MTIwMDAwMDAwMDAwMH0sInNjaGVtYV92ZXJzaW9uIjoiMSJ9",
          "dependencies": [
            "module.seoul.aws_vpc.main"
          ]
        },
        {
          "index_key": 1,
          "schema_version": 1,
          "attributes": {
            "arn": "arn:aws:ec2:ap-northeast-2:299145660695:subnet/subnet-0f79754b4cc788b26",
            "assign_ipv6_address_on_creation": false,
            "availability_zone": "ap-northeast-2c",
            "availability_zone_id": "apne2-az3",
            "cidr_block": "20.0.11.0/24",
            "customer_owned_ipv4_pool": "",
            "enable_dns64": false,
            "enable_lni_at_device_index": 0,
            "enable_resource_name_dns_a_record_on_launch": false,
            "enable_resource_name_dns_aaaa_record_on_launch": false,
            "id": "subnet-0f79754b4cc788b26",
            "ipv6_cidr_block": "",
            "ipv6_cidr_block_association_id": "",
            "ipv6_native": false,
            "map_customer_owned_ip_on_launch": false,
            "map_public_ip_on_launch": false,
            "outpost_arn": "",
            "owner_id": "299145660695",
            "private_dns_hostname_type_on_launch": "ip-name",
            "tags": {
              "Name": "seoul-private-beanstalk-2"
            },
            "tags_all": {
              "Name": "seoul-private-beanstalk-2"
            },
            "timeouts": null,
            "vpc_id": "vpc-0f10074e7fe0fdde1"
          },
          "sensitive_attributes": [],
          "identity_schema_version": 0,
          "private": "eyJlMmJmYjczMC1lY2FhLTExZTYtOGY4OC0zNDM2M2JjN2M0YzAiOnsiY3JlYXRlIjo2MDAwMDAwMDAwMDAsImRlbGV0ZSI6MTIwMDAwMDAwMDAwMH0sInNjaGVtYV92ZXJzaW9uIjoiMSJ9",
          "dependencies": [
            "module.seoul.aws_vpc.main"
          ]
        }
      ]
    },
    {
      "module": "module.seoul",
      "mode": "managed",
      "type": "aws_subnet",
      "name": "public_nat",
      "provider": "provider[\"registry.terraform.io/hashicorp/aws\"].seoul",
      "instances": [
        {
          "index_key": 0,
          "schema_version": 1,
          "attributes": {
            "arn": "arn:aws:ec2:ap-northeast-2:299145660695:subnet/subnet-081bc1a0cab2c02af",
            "assign_ipv6_address_on_creation": false,
            "availability_zone": "ap-northeast-2a",
            "availability_zone_id": "apne2-az1",
            "cidr_block": "20.0.1.0/24",
            "customer_owned_ipv4_pool": "",
            "enable_dns64": false,
            "enable_lni_at_device_index": 0,
            "enable_resource_name_dns_a_record_on_launch": false,
            "enable_resource_name_dns_aaaa_record_on_launch": false,
            "id": "subnet-081bc1a0cab2c02af",
            "ipv6_cidr_block": "",
            "ipv6_cidr_block_association_id": "",
            "ipv6_native": false,
            "map_customer_owned_ip_on_launch": false,
            "map_public_ip_on_launch": true,
            "outpost_arn": "",
            "owner_id": "299145660695",
            "private_dns_hostname_type_on_launch": "ip-name",
            "tags": {
              "Name": "seoul-public-nat-1"
            },
            "tags_all": {
              "Name": "seoul-public-nat-1"
            },
            "timeouts": null,
            "vpc_id": "vpc-0f10074e7fe0fdde1"
          },
          "sensitive_attributes": [],
          "identity_schema_version": 0,
          "private": "eyJlMmJmYjczMC1lY2FhLTExZTYtOGY4OC0zNDM2M2JjN2M0YzAiOnsiY3JlYXRlIjo2MDAwMDAwMDAwMDAsImRlbGV0ZSI6MTIwMDAwMDAwMDAwMH0sInNjaGVtYV92ZXJzaW9uIjoiMSJ9",
          "dependencies": [
            "module.seoul.aws_vpc.main"
          ]
        },
        {
          "index_key": 1,
          "schema_version": 1,
          "attributes": {
            "arn": "arn:aws:ec2:ap-northeast-2:299145660695:subnet/subnet-0abb6e30ac00be09b",
            "assign_ipv6_address_on_creation": false,
            "availability_zone": "ap-northeast-2c",
            "availability_zone_id": "apne2-az3",
            "cidr_block": "20.0.2.0/24",
            "customer_owned_ipv4_pool": "",
            "enable_dns64": false,
            "enable_lni_at_device_index": 0,
            "enable_resource_name_dns_a_record_on_launch": false,
            "enable_resource_name_dns_aaaa_record_on_launch": false,
            "id": "subnet-0abb6e30ac00be09b",
            "ipv6_cidr_block": "",
            "ipv6_cidr_block_association_id": "",
            "ipv6_native": false,
            "map_customer_owned_ip_on_launch": false,
            "map_public_ip_on_launch": true,
            "outpost_arn": "",
            "owner_id": "299145660695",
            "private_dns_hostname_type_on_launch": "ip-name",
            "tags": {
              "Name": "seoul-public-nat-2"
            },
            "tags_all": {
              "Name": "seoul-public-nat-2"
            },
            "timeouts": null,
            "vpc_id": "vpc-0f10074e7fe0fdde1"
          },
          "sensitive_attributes": [],
          "identity_schema_version": 0,
          "private": "eyJlMmJmYjczMC1lY2FhLTExZTYtOGY4OC0zNDM2M2JjN2M0YzAiOnsiY3JlYXRlIjo2MDAwMDAwMDAwMDAsImRlbGV0ZSI6MTIwMDAwMDAwMDAwMH0sInNjaGVtYV92ZXJzaW9uIjoiMSJ9",
          "dependencies": [
            "module.seoul.aws_vpc.main"
          ]
        }
      ]
    },
    {
      "module": "module.seoul",
      "mode": "managed",
      "type": "aws_subnet",
      "name": "tgw",
      "provider": "provider[\"registry.terraform.io/hashicorp/aws\"].seoul",
      "instances": [
        {
          "schema_version": 1,
          "attributes": {
            "arn": "arn:aws:ec2:ap-northeast-2:299145660695:subnet/subnet-0e3f390f1438ae3bd",
            "assign_ipv6_address_on_creation": false,
            "availability_zone": "ap-northeast-2a",
            "availability_zone_id": "apne2-az1",
            "cidr_block": "20.0.20.0/24",
            "customer_owned_ipv4_pool": "",
            "enable_dns64": false,
            "enable_lni_at_device_index": 0,
            "enable_resource_name_dns_a_record_on_launch": false,
            "enable_resource_name_dns_aaaa_record_on_launch": false,
            "id": "subnet-0e3f390f1438ae3bd",
            "ipv6_cidr_block": "",
            "ipv6_cidr_block_association_id": "",
            "ipv6_native": false,
            "map_customer_owned_ip_on_launch": false,
            "map_public_ip_on_launch": false,
            "outpost_arn": "",
            "owner_id": "299145660695",
            "private_dns_hostname_type_on_launch": "ip-name",
            "tags": {
              "Name": "seoul-tgw"
            },
            "tags_all": {
              "Name": "seoul-tgw"
            },
            "timeouts": null,
            "vpc_id": "vpc-0f10074e7fe0fdde1"
          },
          "sensitive_attributes": [],
          "identity_schema_version": 0,
          "private": "eyJlMmJmYjczMC1lY2FhLTExZTYtOGY4OC0zNDM2M2JjN2M0YzAiOnsiY3JlYXRlIjo2MDAwMDAwMDAwMDAsImRlbGV0ZSI6MTIwMDAwMDAwMDAwMH0sInNjaGVtYV92ZXJzaW9uIjoiMSJ9",
          "dependencies": [
            "module.seoul.aws_vpc.main"
          ]
        }
      ]
    },
    {
      "module": "module.seoul",
      "mode": "managed",
      "type": "aws_subnet",
      "name": "vpn_gateway",
      "provider": "provider[\"registry.terraform.io/hashicorp/aws\"].seoul",
      "instances": [
        {
          "schema_version": 1,
          "attributes": {
            "arn": "arn:aws:ec2:ap-northeast-2:299145660695:subnet/subnet-0ff6aca41ce75b07b",
            "assign_ipv6_address_on_creation": false,
            "availability_zone": "ap-northeast-2a",
            "availability_zone_id": "apne2-az1",
            "cidr_block": "20.0.3.0/24",
            "customer_owned_ipv4_pool": "",
            "enable_dns64": false,
            "enable_lni_at_device_index": 0,
            "enable_resource_name_dns_a_record_on_launch": false,
            "enable_resource_name_dns_aaaa_record_on_launch": false,
            "id": "subnet-0ff6aca41ce75b07b",
            "ipv6_cidr_block": "",
            "ipv6_cidr_block_association_id": "",
            "ipv6_native": false,
            "map_customer_owned_ip_on_launch": false,
            "map_public_ip_on_launch": true,
            "outpost_arn": "",
            "owner_id": "299145660695",
            "private_dns_hostname_type_on_launch": "ip-name",
            "tags": {
              "Name": "seoul-vpn-gateway-subnet"
            },
            "tags_all": {
              "Name": "seoul-vpn-gateway-subnet"
            },
            "timeouts": null,
            "vpc_id": "vpc-0f10074e7fe0fdde1"
          },
          "sensitive_attributes": [],
          "identity_schema_version": 0,
          "private": "eyJlMmJmYjczMC1lY2FhLTExZTYtOGY4OC0zNDM2M2JjN2M0YzAiOnsiY3JlYXRlIjo2MDAwMDAwMDAwMDAsImRlbGV0ZSI6MTIwMDAwMDAwMDAwMH0sInNjaGVtYV92ZXJzaW9uIjoiMSJ9",
          "dependencies": [
            "module.seoul.aws_vpc.main"
          ]
        }
      ]
    },
    {
      "module": "module.seoul",
      "mode": "managed",
      "type": "aws_vpc",
      "name": "main",
      "provider": "provider[\"registry.terraform.io/hashicorp/aws\"].seoul",
      "instances": [
        {
          "schema_version": 1,
          "attributes": {
            "arn": "arn:aws:ec2:ap-northeast-2:299145660695:vpc/vpc-0f10074e7fe0fdde1",
            "assign_generated_ipv6_cidr_block": false,
            "cidr_block": "20.0.0.0/16",
            "default_network_acl_id": "acl-0efe826c849626271",
            "default_route_table_id": "rtb-0a01f1ddb99f33d11",
            "default_security_group_id": "sg-08948535942ab01b8",
            "dhcp_options_id": "dopt-0d7105e8da60a4bf5",
            "enable_dns_hostnames": true,
            "enable_dns_support": true,
            "enable_network_address_usage_metrics": false,
            "id": "vpc-0f10074e7fe0fdde1",
            "instance_tenancy": "default",
            "ipv4_ipam_pool_id": null,
            "ipv4_netmask_length": null,
            "ipv6_association_id": "",
            "ipv6_cidr_block": "",
            "ipv6_cidr_block_network_border_group": "",
            "ipv6_ipam_pool_id": "",
            "ipv6_netmask_length": 0,
            "main_route_table_id": "rtb-0a01f1ddb99f33d11",
            "owner_id": "299145660695",
            "tags": {
              "Name": "seoul-vpc"
            },
            "tags_all": {
              "Name": "seoul-vpc"
            }
          },
          "sensitive_attributes": [],
          "identity_schema_version": 0,
          "private": "eyJzY2hlbWFfdmVyc2lvbiI6IjEifQ=="
        }
      ]
    }
  ],
  "check_results": null
}
